
Microsoft Visual Studio Solution File, Format Version 12.00
# Visual Studio Version 17
VisualStudioVersion = 17.2.32616.157
MinimumVisualStudioVersion = 10.0.40219.1
Project("{9A19103F-16F7-4668-BE54-9A1E7A4F7556}") = "Parcel.Neo.Base", "Parcel.Neo.Base\Parcel.Neo.Base.csproj", "{E5D16B50-136C-4090-BF3B-4AE8A153FC60}"
EndProject
Project("{9A19103F-16F7-4668-BE54-9A1E7A4F7556}") = "Parcel.Neo", "Parcel.Neo\Parcel.Neo.csproj", "{BB8F74E6-9367-4F92-81E8-279F2E65A663}"
EndProject
Project("{2150E333-8FDC-42A3-9474-1A3956D46DE8}") = "Core", "Core", "{48C66019-D9A3-4B7B-8E57-E43E46E3F64A}"
EndProject
Project("{2150E333-8FDC-42A3-9474-1A3956D46DE8}") = "Frontend", "Frontend", "{87BB2BEA-F757-4B4D-8C13-44061E834A86}"
EndProject
Project("{2150E333-8FDC-42A3-9474-1A3956D46DE8}") = "Solution Items", "Solution Items", "{AEA911E0-CC55-4A59-8655-1B5177D74E74}"
	ProjectSection(SolutionItems) = preProject
		README.md = README.md
		Wiki.md = Wiki.md
	EndProjectSection
EndProject
Project("{2150E333-8FDC-42A3-9474-1A3956D46DE8}") = "Packages", "Packages", "{3AC0E0B1-BC65-4389-B9D7-1F423F80DF9A}"
EndProject
Project("{9A19103F-16F7-4668-BE54-9A1E7A4F7556}") = "Parcel.Calculator", "..\Parcel.NExT\Packages\Parcel.Calculator\Parcel.Calculator.csproj", "{85D755F5-45EC-423C-967B-EEE50B6B938A}"
EndProject
Project("{9A19103F-16F7-4668-BE54-9A1E7A4F7556}") = "Parcel.CoreEngine", "..\Parcel.NExT\CoreEngines\Parcel.CoreEngine\Parcel.CoreEngine.csproj", "{C3987DEC-026E-474C-8AD8-1A9D0EC5EA06}"
EndProject
Project("{9A19103F-16F7-4668-BE54-9A1E7A4F7556}") = "Parcel.CoreEngine.Service", "..\Parcel.NExT\CoreEngines\Parcel.CoreEngine.Service\Parcel.CoreEngine.Service.csproj", "{C002561A-AFA4-41A0-858D-A498E8EE834A}"
EndProject
Project("{9A19103F-16F7-4668-BE54-9A1E7A4F7556}") = "Parcel.NExT.CodeGen", "..\Parcel.NExT\CoreEngines\Parcel.NExT.CodeGen\Parcel.NExT.CodeGen.csproj", "{803ECEC4-09C4-43E6-8F4C-CE37A355D609}"
EndProject
Project("{9A19103F-16F7-4668-BE54-9A1E7A4F7556}") = "Parcel.NExT.Interpreter", "..\Parcel.NExT\CoreEngines\Parcel.NExT.Interpreter\Parcel.NExT.Interpreter.csproj", "{A35EDE57-53E8-4D31-9D5A-5A02EF1A6994}"
EndProject
Project("{9A19103F-16F7-4668-BE54-9A1E7A4F7556}") = "Parcel.NExT.Python", "..\Parcel.NExT\CoreEngines\Parcel.NExT.Python\Parcel.NExT.Python.csproj", "{ADF8FC4F-7C8F-446A-98C5-9FB473103EEB}"
EndProject
Project("{9A19103F-16F7-4668-BE54-9A1E7A4F7556}") = "Parcel.YahooFinance", "..\Parcel.NExT\Packages\Parcel.YahooFinance\Parcel.YahooFinance.csproj", "{5639873C-45ED-4A3D-A5C1-72605E465654}"
EndProject
Project("{9A19103F-16F7-4668-BE54-9A1E7A4F7556}") = "Parcel.Vector", "..\Parcel.NExT\Packages\Parcel.Vector\Parcel.Vector.csproj", "{8CF31937-351C-489E-BFED-1B1C53B6D7C4}"
EndProject
Project("{9A19103F-16F7-4668-BE54-9A1E7A4F7556}") = "Parcel.Standard", "..\Parcel.NExT\Packages\Parcel.Standard\Parcel.Standard.csproj", "{65AED1ED-BEF7-4D8F-957F-4FEC85AD67CF}"
EndProject
Project("{9A19103F-16F7-4668-BE54-9A1E7A4F7556}") = "Parcel.Serialization", "..\Parcel.NExT\Packages\Parcel.Serialization\Parcel.Serialization.csproj", "{BA3D0D73-B300-4C92-9442-213B1938F2C1}"
EndProject
Project("{9A19103F-16F7-4668-BE54-9A1E7A4F7556}") = "Parcel.CellSet", "..\Parcel.NExT\Packages\Parcel.CellSet\Parcel.CellSet.csproj", "{E6658CDE-1959-4626-802C-8FDF3AADD56C}"
EndProject
Project("{9A19103F-16F7-4668-BE54-9A1E7A4F7556}") = "Parcel.DataAnalytics", "..\Parcel.NExT\Packages\Parcel.DataAnalytics\Parcel.DataAnalytics.csproj", "{961B1CE3-C264-465C-ABB0-801B51451042}"
EndProject
Project("{9A19103F-16F7-4668-BE54-9A1E7A4F7556}") = "Parcel.DataAnalytics.Integrations", "..\Parcel.NExT\Packages\Parcel.DataAnalytics.Integrations\Parcel.DataAnalytics.Integrations.csproj", "{946E8718-1334-4214-9C45-E226BA43E164}"
EndProject
Project("{9A19103F-16F7-4668-BE54-9A1E7A4F7556}") = "Parcel.DataGrid", "..\Parcel.NExT\Packages\Parcel.DataGrid\Parcel.DataGrid.csproj", "{852A50BB-A241-40FB-9CBE-C5839E5EC468}"
EndProject
Project("{9A19103F-16F7-4668-BE54-9A1E7A4F7556}") = "Parcel.DataTable", "..\Parcel.NExT\Packages\Parcel.DataTable\Parcel.DataTable.csproj", "{8ED08DC5-2621-44E0-868F-D58571807DF9}"
EndProject
Project("{9A19103F-16F7-4668-BE54-9A1E7A4F7556}") = "Parcel.DevelopmentWebServer", "..\Parcel.NExT\Packages\Parcel.DevelopmentWebServer\Parcel.DevelopmentWebServer.csproj", "{D3C9BA68-80F5-4F12-9E20-DB21F122F1F5}"
EndProject
Project("{9A19103F-16F7-4668-BE54-9A1E7A4F7556}") = "Parcel.Generators", "..\Parcel.NExT\Packages\Parcel.Generators\Parcel.Generators.csproj", "{7FEDCFC0-8381-4557-8299-72B30B2A4E96}"
EndProject
Project("{9A19103F-16F7-4668-BE54-9A1E7A4F7556}") = "Parcel.Image", "..\Parcel.NExT\Packages\Parcel.Image\Parcel.Image.csproj", "{1A63DF5B-3453-4A56-A5D5-BDDE8E694CD5}"
EndProject
Project("{9A19103F-16F7-4668-BE54-9A1E7A4F7556}") = "Parcel.InMemoryDB", "..\Parcel.NExT\Packages\Parcel.InMemoryDB\Parcel.InMemoryDB.csproj", "{5B2C4448-FED1-4091-8503-1027F6B5325F}"
EndProject
Project("{9A19103F-16F7-4668-BE54-9A1E7A4F7556}") = "Parcel.InMemoryDB.CMS", "..\Parcel.NExT\Packages\Parcel.InMemoryDB.CMS\Parcel.InMemoryDB.CMS.csproj", "{B6ED12BE-6774-4F90-99C6-C0D86678AC18}"
EndProject
Project("{9A19103F-16F7-4668-BE54-9A1E7A4F7556}") = "Parcel.InMemoryDB.Integration", "..\Parcel.NExT\Packages\Parcel.InMemoryDB.Integration\Parcel.InMemoryDB.Integration.csproj", "{0B125012-6F24-4D88-8BDB-5B3BD4A83409}"
EndProject
Project("{9A19103F-16F7-4668-BE54-9A1E7A4F7556}") = "Parcel.InMemoryDB.Integration.CLI", "..\Parcel.NExT\Packages\Parcel.InMemoryDB.Integration.CLI\Parcel.InMemoryDB.Integration.CLI.csproj", "{4B03DB9A-DA86-4810-9298-07C1868DBD5A}"
EndProject
Project("{9A19103F-16F7-4668-BE54-9A1E7A4F7556}") = "Parcel.InMemoryDB.Integration.DataGrid", "..\Parcel.NExT\Packages\Parcel.InMemoryDB.Integration.DataGrid\Parcel.InMemoryDB.Integration.DataGrid.csproj", "{6B04B357-19DB-4F56-A7B2-6F2BEFC7FD76}"
EndProject
Project("{9A19103F-16F7-4668-BE54-9A1E7A4F7556}") = "Parcel.InMemoryDB.Integration.ODBC", "..\Parcel.NExT\Packages\Parcel.InMemoryDB.Integration.ODBC\Parcel.InMemoryDB.Integration.ODBC.csproj", "{3206A1A0-53BB-4FDA-A2E5-E2A65F7D46D4}"
EndProject
Project("{9A19103F-16F7-4668-BE54-9A1E7A4F7556}") = "Parcel.InMemoryDB.WebSurveys", "..\Parcel.NExT\Packages\Parcel.InMemoryDB.WebSurveys\Parcel.InMemoryDB.WebSurveys.csproj", "{CA80C590-5603-49A0-8EC6-D1268CC7EA40}"
EndProject
Project("{9A19103F-16F7-4668-BE54-9A1E7A4F7556}") = "Parcel.MSAnalysisService", "..\Parcel.NExT\Packages\Parcel.MSAnalysisService\Parcel.MSAnalysisService.csproj", "{EC3FE9CE-E769-4930-9C3C-BA299B3EE187}"
EndProject
Project("{9A19103F-16F7-4668-BE54-9A1E7A4F7556}") = "Parcel.LLM", "..\Parcel.NExT\Packages\Parcel.LLM\Parcel.LLM.csproj", "{ED143AA8-7819-4424-BC61-D29AA1614626}"
EndProject
Project("{9A19103F-16F7-4668-BE54-9A1E7A4F7556}") = "Parcel.Networking", "..\Parcel.NExT\Packages\Parcel.Networking\Parcel.Networking.csproj", "{1E2FEB78-0836-4B3F-A92B-4AE6BF66A05E}"
EndProject
Project("{9A19103F-16F7-4668-BE54-9A1E7A4F7556}") = "Parcel.ODBC", "..\Parcel.NExT\Packages\Parcel.ODBC\Parcel.ODBC.csproj", "{2EE2E768-1E15-4B8D-BC18-B789E29723F7}"
EndProject
Project("{9A19103F-16F7-4668-BE54-9A1E7A4F7556}") = "Parcel.Pipeline", "..\Parcel.NExT\Packages\Parcel.Pipeline\Parcel.Pipeline.csproj", "{BD74EC12-D200-41C1-876B-ADC9385B5D18}"
EndProject
Project("{9A19103F-16F7-4668-BE54-9A1E7A4F7556}") = "Parcel.Plots", "..\Parcel.NExT\Packages\Parcel.Plots\Parcel.Plots.csproj", "{59E7B7A8-AC8C-46F4-A930-A92F6EFBBF4A}"
EndProject
Project("{9A19103F-16F7-4668-BE54-9A1E7A4F7556}") = "Parcel.Razor", "..\Parcel.NExT\Packages\Parcel.Razor\Parcel.Razor.csproj", "{7DE8217A-7358-458E-8EAA-5BFF94E19173}"
EndProject
Project("{9A19103F-16F7-4668-BE54-9A1E7A4F7556}") = "Parcel.REST", "..\Parcel.NExT\Packages\Parcel.REST\Parcel.REST.csproj", "{1AC3C5AE-24D2-4511-90DF-16148A06383E}"
EndProject
Global
	GlobalSection(SolutionConfigurationPlatforms) = preSolution
		Debug|Any CPU = Debug|Any CPU
		Release|Any CPU = Release|Any CPU
	EndGlobalSection
	GlobalSection(ProjectConfigurationPlatforms) = postSolution
		{E5D16B50-136C-4090-BF3B-4AE8A153FC60}.Debug|Any CPU.ActiveCfg = Debug|Any CPU
		{E5D16B50-136C-4090-BF3B-4AE8A153FC60}.Debug|Any CPU.Build.0 = Debug|Any CPU
		{E5D16B50-136C-4090-BF3B-4AE8A153FC60}.Release|Any CPU.ActiveCfg = Release|Any CPU
		{E5D16B50-136C-4090-BF3B-4AE8A153FC60}.Release|Any CPU.Build.0 = Release|Any CPU
		{BB8F74E6-9367-4F92-81E8-279F2E65A663}.Debug|Any CPU.ActiveCfg = Debug|Any CPU
		{BB8F74E6-9367-4F92-81E8-279F2E65A663}.Debug|Any CPU.Build.0 = Debug|Any CPU
		{BB8F74E6-9367-4F92-81E8-279F2E65A663}.Release|Any CPU.ActiveCfg = Release|Any CPU
		{BB8F74E6-9367-4F92-81E8-279F2E65A663}.Release|Any CPU.Build.0 = Release|Any CPU
		{85D755F5-45EC-423C-967B-EEE50B6B938A}.Debug|Any CPU.ActiveCfg = Debug|Any CPU
		{85D755F5-45EC-423C-967B-EEE50B6B938A}.Debug|Any CPU.Build.0 = Debug|Any CPU
		{85D755F5-45EC-423C-967B-EEE50B6B938A}.Release|Any CPU.ActiveCfg = Release|Any CPU
		{85D755F5-45EC-423C-967B-EEE50B6B938A}.Release|Any CPU.Build.0 = Release|Any CPU
		{C3987DEC-026E-474C-8AD8-1A9D0EC5EA06}.Debug|Any CPU.ActiveCfg = Debug|Any CPU
		{C3987DEC-026E-474C-8AD8-1A9D0EC5EA06}.Debug|Any CPU.Build.0 = Debug|Any CPU
		{C3987DEC-026E-474C-8AD8-1A9D0EC5EA06}.Release|Any CPU.ActiveCfg = Release|Any CPU
		{C3987DEC-026E-474C-8AD8-1A9D0EC5EA06}.Release|Any CPU.Build.0 = Release|Any CPU
		{C002561A-AFA4-41A0-858D-A498E8EE834A}.Debug|Any CPU.ActiveCfg = Debug|Any CPU
		{C002561A-AFA4-41A0-858D-A498E8EE834A}.Debug|Any CPU.Build.0 = Debug|Any CPU
		{C002561A-AFA4-41A0-858D-A498E8EE834A}.Release|Any CPU.ActiveCfg = Release|Any CPU
		{C002561A-AFA4-41A0-858D-A498E8EE834A}.Release|Any CPU.Build.0 = Release|Any CPU
		{803ECEC4-09C4-43E6-8F4C-CE37A355D609}.Debug|Any CPU.ActiveCfg = Debug|Any CPU
		{803ECEC4-09C4-43E6-8F4C-CE37A355D609}.Debug|Any CPU.Build.0 = Debug|Any CPU
		{803ECEC4-09C4-43E6-8F4C-CE37A355D609}.Release|Any CPU.ActiveCfg = Release|Any CPU
		{803ECEC4-09C4-43E6-8F4C-CE37A355D609}.Release|Any CPU.Build.0 = Release|Any CPU
		{A35EDE57-53E8-4D31-9D5A-5A02EF1A6994}.Debug|Any CPU.ActiveCfg = Debug|Any CPU
		{A35EDE57-53E8-4D31-9D5A-5A02EF1A6994}.Debug|Any CPU.Build.0 = Debug|Any CPU
		{A35EDE57-53E8-4D31-9D5A-5A02EF1A6994}.Release|Any CPU.ActiveCfg = Release|Any CPU
		{A35EDE57-53E8-4D31-9D5A-5A02EF1A6994}.Release|Any CPU.Build.0 = Release|Any CPU
		{ADF8FC4F-7C8F-446A-98C5-9FB473103EEB}.Debug|Any CPU.ActiveCfg = Debug|Any CPU
		{ADF8FC4F-7C8F-446A-98C5-9FB473103EEB}.Debug|Any CPU.Build.0 = Debug|Any CPU
		{ADF8FC4F-7C8F-446A-98C5-9FB473103EEB}.Release|Any CPU.ActiveCfg = Release|Any CPU
		{ADF8FC4F-7C8F-446A-98C5-9FB473103EEB}.Release|Any CPU.Build.0 = Release|Any CPU
		{5639873C-45ED-4A3D-A5C1-72605E465654}.Debug|Any CPU.ActiveCfg = Debug|Any CPU
		{5639873C-45ED-4A3D-A5C1-72605E465654}.Debug|Any CPU.Build.0 = Debug|Any CPU
		{5639873C-45ED-4A3D-A5C1-72605E465654}.Release|Any CPU.ActiveCfg = Release|Any CPU
		{5639873C-45ED-4A3D-A5C1-72605E465654}.Release|Any CPU.Build.0 = Release|Any CPU
		{8CF31937-351C-489E-BFED-1B1C53B6D7C4}.Debug|Any CPU.ActiveCfg = Debug|Any CPU
		{8CF31937-351C-489E-BFED-1B1C53B6D7C4}.Debug|Any CPU.Build.0 = Debug|Any CPU
		{8CF31937-351C-489E-BFED-1B1C53B6D7C4}.Release|Any CPU.ActiveCfg = Release|Any CPU
		{8CF31937-351C-489E-BFED-1B1C53B6D7C4}.Release|Any CPU.Build.0 = Release|Any CPU
		{65AED1ED-BEF7-4D8F-957F-4FEC85AD67CF}.Debug|Any CPU.ActiveCfg = Debug|Any CPU
		{65AED1ED-BEF7-4D8F-957F-4FEC85AD67CF}.Debug|Any CPU.Build.0 = Debug|Any CPU
		{65AED1ED-BEF7-4D8F-957F-4FEC85AD67CF}.Release|Any CPU.ActiveCfg = Release|Any CPU
		{65AED1ED-BEF7-4D8F-957F-4FEC85AD67CF}.Release|Any CPU.Build.0 = Release|Any CPU
		{BA3D0D73-B300-4C92-9442-213B1938F2C1}.Debug|Any CPU.ActiveCfg = Debug|Any CPU
		{BA3D0D73-B300-4C92-9442-213B1938F2C1}.Debug|Any CPU.Build.0 = Debug|Any CPU
		{BA3D0D73-B300-4C92-9442-213B1938F2C1}.Release|Any CPU.ActiveCfg = Release|Any CPU
		{BA3D0D73-B300-4C92-9442-213B1938F2C1}.Release|Any CPU.Build.0 = Release|Any CPU
		{E6658CDE-1959-4626-802C-8FDF3AADD56C}.Debug|Any CPU.ActiveCfg = Debug|Any CPU
		{E6658CDE-1959-4626-802C-8FDF3AADD56C}.Debug|Any CPU.Build.0 = Debug|Any CPU
		{E6658CDE-1959-4626-802C-8FDF3AADD56C}.Release|Any CPU.ActiveCfg = Release|Any CPU
		{E6658CDE-1959-4626-802C-8FDF3AADD56C}.Release|Any CPU.Build.0 = Release|Any CPU
		{961B1CE3-C264-465C-ABB0-801B51451042}.Debug|Any CPU.ActiveCfg = Debug|Any CPU
		{961B1CE3-C264-465C-ABB0-801B51451042}.Debug|Any CPU.Build.0 = Debug|Any CPU
		{961B1CE3-C264-465C-ABB0-801B51451042}.Release|Any CPU.ActiveCfg = Release|Any CPU
		{961B1CE3-C264-465C-ABB0-801B51451042}.Release|Any CPU.Build.0 = Release|Any CPU
		{946E8718-1334-4214-9C45-E226BA43E164}.Debug|Any CPU.ActiveCfg = Debug|Any CPU
		{946E8718-1334-4214-9C45-E226BA43E164}.Debug|Any CPU.Build.0 = Debug|Any CPU
		{946E8718-1334-4214-9C45-E226BA43E164}.Release|Any CPU.ActiveCfg = Release|Any CPU
		{946E8718-1334-4214-9C45-E226BA43E164}.Release|Any CPU.Build.0 = Release|Any CPU
		{852A50BB-A241-40FB-9CBE-C5839E5EC468}.Debug|Any CPU.ActiveCfg = Debug|Any CPU
		{852A50BB-A241-40FB-9CBE-C5839E5EC468}.Debug|Any CPU.Build.0 = Debug|Any CPU
		{852A50BB-A241-40FB-9CBE-C5839E5EC468}.Release|Any CPU.ActiveCfg = Release|Any CPU
		{852A50BB-A241-40FB-9CBE-C5839E5EC468}.Release|Any CPU.Build.0 = Release|Any CPU
		{8ED08DC5-2621-44E0-868F-D58571807DF9}.Debug|Any CPU.ActiveCfg = Debug|Any CPU
		{8ED08DC5-2621-44E0-868F-D58571807DF9}.Debug|Any CPU.Build.0 = Debug|Any CPU
		{8ED08DC5-2621-44E0-868F-D58571807DF9}.Release|Any CPU.ActiveCfg = Release|Any CPU
		{8ED08DC5-2621-44E0-868F-D58571807DF9}.Release|Any CPU.Build.0 = Release|Any CPU
		{D3C9BA68-80F5-4F12-9E20-DB21F122F1F5}.Debug|Any CPU.ActiveCfg = Debug|Any CPU
		{D3C9BA68-80F5-4F12-9E20-DB21F122F1F5}.Debug|Any CPU.Build.0 = Debug|Any CPU
		{D3C9BA68-80F5-4F12-9E20-DB21F122F1F5}.Release|Any CPU.ActiveCfg = Release|Any CPU
		{D3C9BA68-80F5-4F12-9E20-DB21F122F1F5}.Release|Any CPU.Build.0 = Release|Any CPU
		{7FEDCFC0-8381-4557-8299-72B30B2A4E96}.Debug|Any CPU.ActiveCfg = Debug|Any CPU
		{7FEDCFC0-8381-4557-8299-72B30B2A4E96}.Debug|Any CPU.Build.0 = Debug|Any CPU
		{7FEDCFC0-8381-4557-8299-72B30B2A4E96}.Release|Any CPU.ActiveCfg = Release|Any CPU
		{7FEDCFC0-8381-4557-8299-72B30B2A4E96}.Release|Any CPU.Build.0 = Release|Any CPU
		{1A63DF5B-3453-4A56-A5D5-BDDE8E694CD5}.Debug|Any CPU.ActiveCfg = Debug|Any CPU
		{1A63DF5B-3453-4A56-A5D5-BDDE8E694CD5}.Debug|Any CPU.Build.0 = Debug|Any CPU
		{1A63DF5B-3453-4A56-A5D5-BDDE8E694CD5}.Release|Any CPU.ActiveCfg = Release|Any CPU
		{1A63DF5B-3453-4A56-A5D5-BDDE8E694CD5}.Release|Any CPU.Build.0 = Release|Any CPU
		{5B2C4448-FED1-4091-8503-1027F6B5325F}.Debug|Any CPU.ActiveCfg = Debug|Any CPU
		{5B2C4448-FED1-4091-8503-1027F6B5325F}.Debug|Any CPU.Build.0 = Debug|Any CPU
		{5B2C4448-FED1-4091-8503-1027F6B5325F}.Release|Any CPU.ActiveCfg = Release|Any CPU
		{5B2C4448-FED1-4091-8503-1027F6B5325F}.Release|Any CPU.Build.0 = Release|Any CPU
		{B6ED12BE-6774-4F90-99C6-C0D86678AC18}.Debug|Any CPU.ActiveCfg = Debug|Any CPU
		{B6ED12BE-6774-4F90-99C6-C0D86678AC18}.Debug|Any CPU.Build.0 = Debug|Any CPU
		{B6ED12BE-6774-4F90-99C6-C0D86678AC18}.Release|Any CPU.ActiveCfg = Release|Any CPU
		{B6ED12BE-6774-4F90-99C6-C0D86678AC18}.Release|Any CPU.Build.0 = Release|Any CPU
		{0B125012-6F24-4D88-8BDB-5B3BD4A83409}.Debug|Any CPU.ActiveCfg = Debug|Any CPU
		{0B125012-6F24-4D88-8BDB-5B3BD4A83409}.Debug|Any CPU.Build.0 = Debug|Any CPU
		{0B125012-6F24-4D88-8BDB-5B3BD4A83409}.Release|Any CPU.ActiveCfg = Release|Any CPU
		{0B125012-6F24-4D88-8BDB-5B3BD4A83409}.Release|Any CPU.Build.0 = Release|Any CPU
		{4B03DB9A-DA86-4810-9298-07C1868DBD5A}.Debug|Any CPU.ActiveCfg = Debug|Any CPU
		{4B03DB9A-DA86-4810-9298-07C1868DBD5A}.Debug|Any CPU.Build.0 = Debug|Any CPU
		{4B03DB9A-DA86-4810-9298-07C1868DBD5A}.Release|Any CPU.ActiveCfg = Release|Any CPU
		{4B03DB9A-DA86-4810-9298-07C1868DBD5A}.Release|Any CPU.Build.0 = Release|Any CPU
		{6B04B357-19DB-4F56-A7B2-6F2BEFC7FD76}.Debug|Any CPU.ActiveCfg = Debug|Any CPU
		{6B04B357-19DB-4F56-A7B2-6F2BEFC7FD76}.Debug|Any CPU.Build.0 = Debug|Any CPU
		{6B04B357-19DB-4F56-A7B2-6F2BEFC7FD76}.Release|Any CPU.ActiveCfg = Release|Any CPU
		{6B04B357-19DB-4F56-A7B2-6F2BEFC7FD76}.Release|Any CPU.Build.0 = Release|Any CPU
		{3206A1A0-53BB-4FDA-A2E5-E2A65F7D46D4}.Debug|Any CPU.ActiveCfg = Debug|Any CPU
		{3206A1A0-53BB-4FDA-A2E5-E2A65F7D46D4}.Debug|Any CPU.Build.0 = Debug|Any CPU
		{3206A1A0-53BB-4FDA-A2E5-E2A65F7D46D4}.Release|Any CPU.ActiveCfg = Release|Any CPU
		{3206A1A0-53BB-4FDA-A2E5-E2A65F7D46D4}.Release|Any CPU.Build.0 = Release|Any CPU
		{CA80C590-5603-49A0-8EC6-D1268CC7EA40}.Debug|Any CPU.ActiveCfg = Debug|Any CPU
		{CA80C590-5603-49A0-8EC6-D1268CC7EA40}.Debug|Any CPU.Build.0 = Debug|Any CPU
		{CA80C590-5603-49A0-8EC6-D1268CC7EA40}.Release|Any CPU.ActiveCfg = Release|Any CPU
		{CA80C590-5603-49A0-8EC6-D1268CC7EA40}.Release|Any CPU.Build.0 = Release|Any CPU
		{EC3FE9CE-E769-4930-9C3C-BA299B3EE187}.Debug|Any CPU.ActiveCfg = Debug|Any CPU
		{EC3FE9CE-E769-4930-9C3C-BA299B3EE187}.Debug|Any CPU.Build.0 = Debug|Any CPU
		{EC3FE9CE-E769-4930-9C3C-BA299B3EE187}.Release|Any CPU.ActiveCfg = Release|Any CPU
		{EC3FE9CE-E769-4930-9C3C-BA299B3EE187}.Release|Any CPU.Build.0 = Release|Any CPU
		{ED143AA8-7819-4424-BC61-D29AA1614626}.Debug|Any CPU.ActiveCfg = Debug|Any CPU
		{ED143AA8-7819-4424-BC61-D29AA1614626}.Debug|Any CPU.Build.0 = Debug|Any CPU
		{ED143AA8-7819-4424-BC61-D29AA1614626}.Release|Any CPU.ActiveCfg = Release|Any CPU
		{ED143AA8-7819-4424-BC61-D29AA1614626}.Release|Any CPU.Build.0 = Release|Any CPU
		{1E2FEB78-0836-4B3F-A92B-4AE6BF66A05E}.Debug|Any CPU.ActiveCfg = Debug|Any CPU
		{1E2FEB78-0836-4B3F-A92B-4AE6BF66A05E}.Debug|Any CPU.Build.0 = Debug|Any CPU
		{1E2FEB78-0836-4B3F-A92B-4AE6BF66A05E}.Release|Any CPU.ActiveCfg = Release|Any CPU
		{1E2FEB78-0836-4B3F-A92B-4AE6BF66A05E}.Release|Any CPU.Build.0 = Release|Any CPU
		{2EE2E768-1E15-4B8D-BC18-B789E29723F7}.Debug|Any CPU.ActiveCfg = Debug|Any CPU
		{2EE2E768-1E15-4B8D-BC18-B789E29723F7}.Debug|Any CPU.Build.0 = Debug|Any CPU
		{2EE2E768-1E15-4B8D-BC18-B789E29723F7}.Release|Any CPU.ActiveCfg = Release|Any CPU
		{2EE2E768-1E15-4B8D-BC18-B789E29723F7}.Release|Any CPU.Build.0 = Release|Any CPU
		{BD74EC12-D200-41C1-876B-ADC9385B5D18}.Debug|Any CPU.ActiveCfg = Debug|Any CPU
		{BD74EC12-D200-41C1-876B-ADC9385B5D18}.Debug|Any CPU.Build.0 = Debug|Any CPU
		{BD74EC12-D200-41C1-876B-ADC9385B5D18}.Release|Any CPU.ActiveCfg = Release|Any CPU
		{BD74EC12-D200-41C1-876B-ADC9385B5D18}.Release|Any CPU.Build.0 = Release|Any CPU
		{59E7B7A8-AC8C-46F4-A930-A92F6EFBBF4A}.Debug|Any CPU.ActiveCfg = Debug|Any CPU
		{59E7B7A8-AC8C-46F4-A930-A92F6EFBBF4A}.Debug|Any CPU.Build.0 = Debug|Any CPU
		{59E7B7A8-AC8C-46F4-A930-A92F6EFBBF4A}.Release|Any CPU.ActiveCfg = Release|Any CPU
		{59E7B7A8-AC8C-46F4-A930-A92F6EFBBF4A}.Release|Any CPU.Build.0 = Release|Any CPU
		{7DE8217A-7358-458E-8EAA-5BFF94E19173}.Debug|Any CPU.ActiveCfg = Debug|Any CPU
		{7DE8217A-7358-458E-8EAA-5BFF94E19173}.Debug|Any CPU.Build.0 = Debug|Any CPU
		{7DE8217A-7358-458E-8EAA-5BFF94E19173}.Release|Any CPU.ActiveCfg = Release|Any CPU
		{7DE8217A-7358-458E-8EAA-5BFF94E19173}.Release|Any CPU.Build.0 = Release|Any CPU
		{1AC3C5AE-24D2-4511-90DF-16148A06383E}.Debug|Any CPU.ActiveCfg = Debug|Any CPU
		{1AC3C5AE-24D2-4511-90DF-16148A06383E}.Debug|Any CPU.Build.0 = Debug|Any CPU
		{1AC3C5AE-24D2-4511-90DF-16148A06383E}.Release|Any CPU.ActiveCfg = Release|Any CPU
		{1AC3C5AE-24D2-4511-90DF-16148A06383E}.Release|Any CPU.Build.0 = Release|Any CPU
	EndGlobalSection
	GlobalSection(SolutionProperties) = preSolution
		HideSolutionNode = FALSE
	EndGlobalSection
	GlobalSection(NestedProjects) = preSolution
		{E5D16B50-136C-4090-BF3B-4AE8A153FC60} = {48C66019-D9A3-4B7B-8E57-E43E46E3F64A}
		{BB8F74E6-9367-4F92-81E8-279F2E65A663} = {87BB2BEA-F757-4B4D-8C13-44061E834A86}
		{85D755F5-45EC-423C-967B-EEE50B6B938A} = {3AC0E0B1-BC65-4389-B9D7-1F423F80DF9A}
		{C3987DEC-026E-474C-8AD8-1A9D0EC5EA06} = {48C66019-D9A3-4B7B-8E57-E43E46E3F64A}
		{C002561A-AFA4-41A0-858D-A498E8EE834A} = {48C66019-D9A3-4B7B-8E57-E43E46E3F64A}
		{803ECEC4-09C4-43E6-8F4C-CE37A355D609} = {48C66019-D9A3-4B7B-8E57-E43E46E3F64A}
		{A35EDE57-53E8-4D31-9D5A-5A02EF1A6994} = {48C66019-D9A3-4B7B-8E57-E43E46E3F64A}
		{ADF8FC4F-7C8F-446A-98C5-9FB473103EEB} = {48C66019-D9A3-4B7B-8E57-E43E46E3F64A}
		{5639873C-45ED-4A3D-A5C1-72605E465654} = {3AC0E0B1-BC65-4389-B9D7-1F423F80DF9A}
		{8CF31937-351C-489E-BFED-1B1C53B6D7C4} = {3AC0E0B1-BC65-4389-B9D7-1F423F80DF9A}
		{65AED1ED-BEF7-4D8F-957F-4FEC85AD67CF} = {3AC0E0B1-BC65-4389-B9D7-1F423F80DF9A}
		{BA3D0D73-B300-4C92-9442-213B1938F2C1} = {3AC0E0B1-BC65-4389-B9D7-1F423F80DF9A}
		{E6658CDE-1959-4626-802C-8FDF3AADD56C} = {3AC0E0B1-BC65-4389-B9D7-1F423F80DF9A}
		{961B1CE3-C264-465C-ABB0-801B51451042} = {3AC0E0B1-BC65-4389-B9D7-1F423F80DF9A}
		{946E8718-1334-4214-9C45-E226BA43E164} = {3AC0E0B1-BC65-4389-B9D7-1F423F80DF9A}
		{852A50BB-A241-40FB-9CBE-C5839E5EC468} = {3AC0E0B1-BC65-4389-B9D7-1F423F80DF9A}
		{8ED08DC5-2621-44E0-868F-D58571807DF9} = {3AC0E0B1-BC65-4389-B9D7-1F423F80DF9A}
		{D3C9BA68-80F5-4F12-9E20-DB21F122F1F5} = {3AC0E0B1-BC65-4389-B9D7-1F423F80DF9A}
		{7FEDCFC0-8381-4557-8299-72B30B2A4E96} = {3AC0E0B1-BC65-4389-B9D7-1F423F80DF9A}
		{1A63DF5B-3453-4A56-A5D5-BDDE8E694CD5} = {3AC0E0B1-BC65-4389-B9D7-1F423F80DF9A}
		{5B2C4448-FED1-4091-8503-1027F6B5325F} = {3AC0E0B1-BC65-4389-B9D7-1F423F80DF9A}
		{B6ED12BE-6774-4F90-99C6-C0D86678AC18} = {3AC0E0B1-BC65-4389-B9D7-1F423F80DF9A}
		{0B125012-6F24-4D88-8BDB-5B3BD4A83409} = {3AC0E0B1-BC65-4389-B9D7-1F423F80DF9A}
		{4B03DB9A-DA86-4810-9298-07C1868DBD5A} = {3AC0E0B1-BC65-4389-B9D7-1F423F80DF9A}
		{6B04B357-19DB-4F56-A7B2-6F2BEFC7FD76} = {3AC0E0B1-BC65-4389-B9D7-1F423F80DF9A}
		{3206A1A0-53BB-4FDA-A2E5-E2A65F7D46D4} = {3AC0E0B1-BC65-4389-B9D7-1F423F80DF9A}
		{CA80C590-5603-49A0-8EC6-D1268CC7EA40} = {3AC0E0B1-BC65-4389-B9D7-1F423F80DF9A}
		{EC3FE9CE-E769-4930-9C3C-BA299B3EE187} = {3AC0E0B1-BC65-4389-B9D7-1F423F80DF9A}
		{ED143AA8-7819-4424-BC61-D29AA1614626} = {3AC0E0B1-BC65-4389-B9D7-1F423F80DF9A}
		{1E2FEB78-0836-4B3F-A92B-4AE6BF66A05E} = {3AC0E0B1-BC65-4389-B9D7-1F423F80DF9A}
		{2EE2E768-1E15-4B8D-BC18-B789E29723F7} = {3AC0E0B1-BC65-4389-B9D7-1F423F80DF9A}
		{BD74EC12-D200-41C1-876B-ADC9385B5D18} = {3AC0E0B1-BC65-4389-B9D7-1F423F80DF9A}
		{59E7B7A8-AC8C-46F4-A930-A92F6EFBBF4A} = {3AC0E0B1-BC65-4389-B9D7-1F423F80DF9A}
		{7DE8217A-7358-458E-8EAA-5BFF94E19173} = {3AC0E0B1-BC65-4389-B9D7-1F423F80DF9A}
		{1AC3C5AE-24D2-4511-90DF-16148A06383E} = {3AC0E0B1-BC65-4389-B9D7-1F423F80DF9A}
	EndGlobalSection
	GlobalSection(ExtensibilityGlobals) = postSolution
		SolutionGuid = {02467E9F-99F1-4DF1-9F95-B88C4DA6051D}
	EndGlobalSection
EndGlobal
