
Microsoft Visual Studio Solution File, Format Version 12.00
# Visual Studio Version 17
VisualStudioVersion = 17.2.32616.157
MinimumVisualStudioVersion = 10.0.40219.1
Project("{9A19103F-16F7-4668-BE54-9A1E7A4F7556}") = "Parcel.Neo.Base", "Parcel.Neo.Base\Parcel.Neo.Base.csproj", "{E5D16B50-136C-4090-BF3B-4AE8A153FC60}"
EndProject
Project("{9A19103F-16F7-4668-BE54-9A1E7A4F7556}") = "Parcel.Neo", "Parcel.Neo\Parcel.Neo.csproj", "{BB8F74E6-9367-4F92-81E8-279F2E65A663}"
EndProject
Project("{2150E333-8FDC-42A3-9474-1A3956D46DE8}") = "Core", "Core", "{48C66019-D9A3-4B7B-8E57-E43E46E3F64A}"
EndProject
Project("{2150E333-8FDC-42A3-9474-1A3956D46DE8}") = "Frontend", "Frontend", "{87BB2BEA-F757-4B4D-8C13-44061E834A86}"
EndProject
Project("{2150E333-8FDC-42A3-9474-1A3956D46DE8}") = "Solution Items", "Solution Items", "{AEA911E0-CC55-4A59-8655-1B5177D74E74}"
EndProject
Project("{9A19103F-16F7-4668-BE54-9A1E7A4F7556}") = "Parcel.CoreEngine", "..\..\Parcel_NExT\C#\Parcel.NExT\CoreEngines\Parcel.CoreEngine\Parcel.CoreEngine.csproj", "{0FE0C992-296D-4037-9B23-8FC62EFAAF5D}"
EndProject
Project("{9A19103F-16F7-4668-BE54-9A1E7A4F7556}") = "Parcel.CoreEngine.Service", "..\..\Parcel_NExT\C#\Parcel.NExT\CoreEngines\Parcel.CoreEngine.Service\Parcel.CoreEngine.Service.csproj", "{3B03C45F-C115-4BCA-AA92-FD0261419B2F}"
EndProject
Project("{9A19103F-16F7-4668-BE54-9A1E7A4F7556}") = "Parcel.NExT.Interpreter", "..\..\Parcel_NExT\C#\Parcel.NExT\CoreEngines\Parcel.NExT.Interpreter\Parcel.NExT.Interpreter.csproj", "{0CFB55F3-79FA-4A6B-89EA-C59DF8E153E0}"
EndProject
Project("{9A19103F-16F7-4668-BE54-9A1E7A4F7556}") = "Parcel.DataGrid", "..\..\Parcel_NExT\C#\Parcel.NExT\Packages\Parcel.DataGrid\Parcel.DataGrid.csproj", "{7BC94C63-BB8D-4EF4-A2EE-B4155EDF9853}"
EndProject
Project("{2150E333-8FDC-42A3-9474-1A3956D46DE8}") = "Packages", "Packages", "{3AC0E0B1-BC65-4389-B9D7-1F423F80DF9A}"
EndProject
Project("{9A19103F-16F7-4668-BE54-9A1E7A4F7556}") = "Parcel.Generators", "..\..\Parcel_NExT\C#\Parcel.NExT\Packages\Parcel.Generators\Parcel.Generators.csproj", "{55F0BE31-37E6-49A3-AA95-FF9968D6D069}"
EndProject
Project("{9A19103F-16F7-4668-BE54-9A1E7A4F7556}") = "Parcel.Plots", "..\..\Parcel_NExT\C#\Parcel.NExT\Packages\Parcel.Plots\Parcel.Plots.csproj", "{305C61EE-3875-4C69-B527-AEACF58CFB3C}"
EndProject
Project("{9A19103F-16F7-4668-BE54-9A1E7A4F7556}") = "Parcel.Vector", "..\..\Parcel_NExT\C#\Parcel.NExT\Packages\Parcel.Vector\Parcel.Vector.csproj", "{6B95ECDB-5B41-481D-9FAD-CB54BB1B39C0}"
EndProject
Project("{9A19103F-16F7-4668-BE54-9A1E7A4F7556}") = "Parcel.NExT.Python", "..\..\Parcel_NExT\C#\Parcel.NExT\CoreEngines\Parcel.NExT.Python\Parcel.NExT.Python.csproj", "{B7E641F8-4AEE-46F6-B6AF-22AB024649BB}"
EndProject
Project("{9A19103F-16F7-4668-BE54-9A1E7A4F7556}") = "Parcel.LLM", "..\..\Parcel_NExT\C#\Parcel.NExT\Packages\Parcel.LLM\Parcel.LLM.csproj", "{20337CDD-4C49-41B4-A6B4-498C3BCC4057}"
EndProject
Project("{9A19103F-16F7-4668-BE54-9A1E7A4F7556}") = "Parcel.InMemoryDB", "..\..\Parcel_NExT\C#\Parcel.NExT\Packages\Parcel.InMemoryDB\Parcel.InMemoryDB.csproj", "{CB9866C6-4F16-493C-8700-8E0B698997FA}"
EndProject
Project("{9A19103F-16F7-4668-BE54-9A1E7A4F7556}") = "Parcel.InMemoryDB.Integration.DataGrid", "..\..\Parcel_NExT\C#\Parcel.NExT\Packages\Parcel.InMemoryDB.Integration.DataGrid\Parcel.InMemoryDB.Integration.DataGrid.csproj", "{F0C8BDED-4623-4549-B970-BF0A42B4E050}"
EndProject
Project("{9A19103F-16F7-4668-BE54-9A1E7A4F7556}") = "Parcel.InMemoryDB.Integration.ODBC", "..\..\Parcel_NExT\C#\Parcel.NExT\Packages\Parcel.InMemoryDB.Integration.ODBC\Parcel.InMemoryDB.Integration.ODBC.csproj", "{8EFD0FA2-2A0E-4F85-A5C7-E3E7764B45F5}"
EndProject
Project("{9A19103F-16F7-4668-BE54-9A1E7A4F7556}") = "Parcel.MSAnalysisService", "..\..\Parcel_NExT\C#\Parcel.NExT\Packages\Parcel.MSAnalysisService\Parcel.MSAnalysisService.csproj", "{1EFACFC0-F5C9-4EB2-8CCB-44E0FB5B4197}"
EndProject
Project("{9A19103F-16F7-4668-BE54-9A1E7A4F7556}") = "Parcel.InMemoryDB.Integration.CLI", "..\..\Parcel_NExT\C#\Parcel.NExT\Packages\Parcel.InMemoryDB.Integration.CLI\Parcel.InMemoryDB.Integration.CLI.csproj", "{3AF8CC38-758D-48F5-95E1-1C299063156D}"
EndProject
Project("{9A19103F-16F7-4668-BE54-9A1E7A4F7556}") = "Parcel.CellSet", "..\..\Parcel_NExT\C#\Parcel.NExT\Packages\Parcel.CellSet\Parcel.CellSet.csproj", "{8669E4D7-5195-4383-A6A6-956FB2CFD9A0}"
EndProject
Project("{9A19103F-16F7-4668-BE54-9A1E7A4F7556}") = "Parcel.DataTable", "..\..\Parcel_NExT\C#\Parcel.NExT\Packages\Parcel.DataTable\Parcel.DataTable.csproj", "{B4648E72-6950-4A96-B219-7EAB1B2E43BF}"
EndProject
Project("{9A19103F-16F7-4668-BE54-9A1E7A4F7556}") = "Parcel.InMemoryDB.Integration", "..\..\Parcel_NExT\C#\Parcel.NExT\Packages\Parcel.InMemoryDB.Integration\Parcel.InMemoryDB.Integration.csproj", "{49085ADF-1DB0-4321-9A55-765FF2ACE373}"
EndProject
Project("{9A19103F-16F7-4668-BE54-9A1E7A4F7556}") = "Parcel.ODBC", "..\..\Parcel_NExT\C#\Parcel.NExT\Packages\Parcel.ODBC\Parcel.ODBC.csproj", "{A26B0B5A-0A84-4D0E-8B24-7CACBC36685B}"
EndProject
Project("{9A19103F-16F7-4668-BE54-9A1E7A4F7556}") = "Parcel.InMemoryDB.WebSurveys", "..\..\Parcel_NExT\C#\Parcel.NExT\Packages\Parcel.InMemoryDB.WebSurveys\Parcel.InMemoryDB.WebSurveys.csproj", "{8C0FDDFB-769D-4C63-ACBB-C9275E9427CF}"
EndProject
Project("{9A19103F-16F7-4668-BE54-9A1E7A4F7556}") = "Parcel.InMemoryDB.CMS", "..\..\Parcel_NExT\C#\Parcel.NExT\Packages\Parcel.InMemoryDB.CMS\Parcel.InMemoryDB.CMS.csproj", "{A18F8FF5-C8C2-4AAD-ADEB-8E5224A06FCB}"
EndProject
Project("{9A19103F-16F7-4668-BE54-9A1E7A4F7556}") = "Parcel.DevelopmentWebServer", "..\..\Parcel_NExT\C#\Parcel.NExT\Packages\Parcel.DevelopmentWebServer\Parcel.DevelopmentWebServer.csproj", "{EE2306B8-19CD-4C40-B0B3-C3D930FF45BF}"
EndProject
Project("{9A19103F-16F7-4668-BE54-9A1E7A4F7556}") = "Parcel.Razor", "..\..\Parcel_NExT\C#\Parcel.NExT\Packages\Parcel.Razor\Parcel.Razor.csproj", "{A529CEAF-80B0-4275-B728-1F3F2E0D78BD}"
EndProject
Project("{9A19103F-16F7-4668-BE54-9A1E7A4F7556}") = "Parcel.Networking", "..\..\Parcel_NExT\C#\Parcel.NExT\Packages\Parcel.Networking\Parcel.Networking.csproj", "{DB181D22-10B9-4D3A-90A1-6FC3806B1EA0}"
EndProject
Project("{9A19103F-16F7-4668-BE54-9A1E7A4F7556}") = "Parcel.Serialization", "..\..\Parcel_NExT\C#\Parcel.NExT\Packages\Parcel.Serialization\Parcel.Serialization.csproj", "{C200E5FA-C491-4AAB-8C74-6697A36338CD}"
EndProject
Project("{9A19103F-16F7-4668-BE54-9A1E7A4F7556}") = "Parcel.FileSystem", "..\..\Parcel_NExT\C#\Parcel.NExT\Packages\Parcel.FileSystem\Parcel.FileSystem.csproj", "{F287B7C2-C524-4F4C-9884-CE666EA389F5}"
EndProject
Project("{9A19103F-16F7-4668-BE54-9A1E7A4F7556}") = "Parcel.Image", "..\..\Parcel_NExT\C#\Parcel.NExT\Packages\Parcel.Image\Parcel.Image.csproj", "{75B21B0E-8050-462B-A27F-9CD1F2AA8BC5}"
EndProject
Project("{9A19103F-16F7-4668-BE54-9A1E7A4F7556}") = "Parcel.Standard", "..\..\Parcel_NExT\C#\Parcel.NExT\Packages\Parcel.Standard\Parcel.Standard.csproj", "{B489C526-FED5-4C1D-80AB-E026B4E2A2E3}"
EndProject
Project("{9A19103F-16F7-4668-BE54-9A1E7A4F7556}") = "Parcel.REST", "..\..\Parcel_NExT\C#\Parcel.NExT\Packages\Parcel.REST\Parcel.REST.csproj", "{5ACCE47F-04B2-4969-A4EB-672C8080F969}"
EndProject
Project("{9A19103F-16F7-4668-BE54-9A1E7A4F7556}") = "Parcel.YahooFinance", "..\..\Parcel_NExT\C#\Parcel.NExT\Packages\Parcel.YahooFinance\Parcel.YahooFinance.csproj", "{BBF56C33-C812-462F-BD39-80BBA6C1B85D}"
EndProject
Project("{9A19103F-16F7-4668-BE54-9A1E7A4F7556}") = "Parcel.NExT.CodeGen", "..\..\Parcel_NExT\C#\Parcel.NExT\CoreEngines\Parcel.NExT.CodeGen\Parcel.NExT.CodeGen.csproj", "{CE04345A-7672-41F7-919B-1B7345288228}"
EndProject
Project("{9A19103F-16F7-4668-BE54-9A1E7A4F7556}") = "Parcel.DataAnalytics", "..\..\Parcel_NExT\C#\Parcel.NExT\Packages\Parcel.DataAnalytics\Parcel.DataAnalytics.csproj", "{A7CABB54-61B5-4429-8FFD-B8B5EEDF1BED}"
EndProject
Project("{9A19103F-16F7-4668-BE54-9A1E7A4F7556}") = "Parcel.DataAnalytics.Integrations", "..\..\Parcel_NExT\C#\Parcel.NExT\Packages\Parcel.DataAnalytics.Integrations\Parcel.DataAnalytics.Integrations.csproj", "{AA82D904-953B-4A6D-9BF5-00E4AD50C3A1}"
EndProject
Project("{9A19103F-16F7-4668-BE54-9A1E7A4F7556}") = "Parcel.Calculator", "..\..\Parcel_NExT\C#\Parcel.NExT\Packages\Parcel.Calculator\Parcel.Calculator.csproj", "{DE30F5C9-32B7-4A2D-8E8B-67E19A9C4947}"
EndProject
Project("{9A19103F-16F7-4668-BE54-9A1E7A4F7556}") = "Parcel.Pipeline", "..\..\Parcel_NExT\C#\Parcel.NExT\Packages\Parcel.Pipeline\Parcel.Pipeline.csproj", "{896FC073-8678-4085-ACDA-EE584B513FB9}"
EndProject
Global
	GlobalSection(SolutionConfigurationPlatforms) = preSolution
		Debug|Any CPU = Debug|Any CPU
		Release|Any CPU = Release|Any CPU
	EndGlobalSection
	GlobalSection(ProjectConfigurationPlatforms) = postSolution
		{E5D16B50-136C-4090-BF3B-4AE8A153FC60}.Debug|Any CPU.ActiveCfg = Debug|Any CPU
		{E5D16B50-136C-4090-BF3B-4AE8A153FC60}.Debug|Any CPU.Build.0 = Debug|Any CPU
		{E5D16B50-136C-4090-BF3B-4AE8A153FC60}.Release|Any CPU.ActiveCfg = Release|Any CPU
		{E5D16B50-136C-4090-BF3B-4AE8A153FC60}.Release|Any CPU.Build.0 = Release|Any CPU
		{BB8F74E6-9367-4F92-81E8-279F2E65A663}.Debug|Any CPU.ActiveCfg = Debug|Any CPU
		{BB8F74E6-9367-4F92-81E8-279F2E65A663}.Debug|Any CPU.Build.0 = Debug|Any CPU
		{BB8F74E6-9367-4F92-81E8-279F2E65A663}.Release|Any CPU.ActiveCfg = Release|Any CPU
		{BB8F74E6-9367-4F92-81E8-279F2E65A663}.Release|Any CPU.Build.0 = Release|Any CPU
		{0FE0C992-296D-4037-9B23-8FC62EFAAF5D}.Debug|Any CPU.ActiveCfg = Debug|Any CPU
		{0FE0C992-296D-4037-9B23-8FC62EFAAF5D}.Debug|Any CPU.Build.0 = Debug|Any CPU
		{0FE0C992-296D-4037-9B23-8FC62EFAAF5D}.Release|Any CPU.ActiveCfg = Release|Any CPU
		{0FE0C992-296D-4037-9B23-8FC62EFAAF5D}.Release|Any CPU.Build.0 = Release|Any CPU
		{3B03C45F-C115-4BCA-AA92-FD0261419B2F}.Debug|Any CPU.ActiveCfg = Debug|Any CPU
		{3B03C45F-C115-4BCA-AA92-FD0261419B2F}.Debug|Any CPU.Build.0 = Debug|Any CPU
		{3B03C45F-C115-4BCA-AA92-FD0261419B2F}.Release|Any CPU.ActiveCfg = Release|Any CPU
		{3B03C45F-C115-4BCA-AA92-FD0261419B2F}.Release|Any CPU.Build.0 = Release|Any CPU
		{0CFB55F3-79FA-4A6B-89EA-C59DF8E153E0}.Debug|Any CPU.ActiveCfg = Debug|Any CPU
		{0CFB55F3-79FA-4A6B-89EA-C59DF8E153E0}.Debug|Any CPU.Build.0 = Debug|Any CPU
		{0CFB55F3-79FA-4A6B-89EA-C59DF8E153E0}.Release|Any CPU.ActiveCfg = Release|Any CPU
		{0CFB55F3-79FA-4A6B-89EA-C59DF8E153E0}.Release|Any CPU.Build.0 = Release|Any CPU
		{7BC94C63-BB8D-4EF4-A2EE-B4155EDF9853}.Debug|Any CPU.ActiveCfg = Debug|Any CPU
		{7BC94C63-BB8D-4EF4-A2EE-B4155EDF9853}.Debug|Any CPU.Build.0 = Debug|Any CPU
		{7BC94C63-BB8D-4EF4-A2EE-B4155EDF9853}.Release|Any CPU.ActiveCfg = Release|Any CPU
		{7BC94C63-BB8D-4EF4-A2EE-B4155EDF9853}.Release|Any CPU.Build.0 = Release|Any CPU
		{55F0BE31-37E6-49A3-AA95-FF9968D6D069}.Debug|Any CPU.ActiveCfg = Debug|Any CPU
		{55F0BE31-37E6-49A3-AA95-FF9968D6D069}.Debug|Any CPU.Build.0 = Debug|Any CPU
		{55F0BE31-37E6-49A3-AA95-FF9968D6D069}.Release|Any CPU.ActiveCfg = Release|Any CPU
		{55F0BE31-37E6-49A3-AA95-FF9968D6D069}.Release|Any CPU.Build.0 = Release|Any CPU
		{305C61EE-3875-4C69-B527-AEACF58CFB3C}.Debug|Any CPU.ActiveCfg = Debug|Any CPU
		{305C61EE-3875-4C69-B527-AEACF58CFB3C}.Debug|Any CPU.Build.0 = Debug|Any CPU
		{305C61EE-3875-4C69-B527-AEACF58CFB3C}.Release|Any CPU.ActiveCfg = Release|Any CPU
		{305C61EE-3875-4C69-B527-AEACF58CFB3C}.Release|Any CPU.Build.0 = Release|Any CPU
		{6B95ECDB-5B41-481D-9FAD-CB54BB1B39C0}.Debug|Any CPU.ActiveCfg = Debug|Any CPU
		{6B95ECDB-5B41-481D-9FAD-CB54BB1B39C0}.Debug|Any CPU.Build.0 = Debug|Any CPU
		{6B95ECDB-5B41-481D-9FAD-CB54BB1B39C0}.Release|Any CPU.ActiveCfg = Release|Any CPU
		{6B95ECDB-5B41-481D-9FAD-CB54BB1B39C0}.Release|Any CPU.Build.0 = Release|Any CPU
		{B7E641F8-4AEE-46F6-B6AF-22AB024649BB}.Debug|Any CPU.ActiveCfg = Debug|Any CPU
		{B7E641F8-4AEE-46F6-B6AF-22AB024649BB}.Debug|Any CPU.Build.0 = Debug|Any CPU
		{B7E641F8-4AEE-46F6-B6AF-22AB024649BB}.Release|Any CPU.ActiveCfg = Release|Any CPU
		{B7E641F8-4AEE-46F6-B6AF-22AB024649BB}.Release|Any CPU.Build.0 = Release|Any CPU
		{20337CDD-4C49-41B4-A6B4-498C3BCC4057}.Debug|Any CPU.ActiveCfg = Debug|Any CPU
		{20337CDD-4C49-41B4-A6B4-498C3BCC4057}.Debug|Any CPU.Build.0 = Debug|Any CPU
		{20337CDD-4C49-41B4-A6B4-498C3BCC4057}.Release|Any CPU.ActiveCfg = Release|Any CPU
		{20337CDD-4C49-41B4-A6B4-498C3BCC4057}.Release|Any CPU.Build.0 = Release|Any CPU
		{CB9866C6-4F16-493C-8700-8E0B698997FA}.Debug|Any CPU.ActiveCfg = Debug|Any CPU
		{CB9866C6-4F16-493C-8700-8E0B698997FA}.Debug|Any CPU.Build.0 = Debug|Any CPU
		{CB9866C6-4F16-493C-8700-8E0B698997FA}.Release|Any CPU.ActiveCfg = Release|Any CPU
		{CB9866C6-4F16-493C-8700-8E0B698997FA}.Release|Any CPU.Build.0 = Release|Any CPU
		{F0C8BDED-4623-4549-B970-BF0A42B4E050}.Debug|Any CPU.ActiveCfg = Debug|Any CPU
		{F0C8BDED-4623-4549-B970-BF0A42B4E050}.Debug|Any CPU.Build.0 = Debug|Any CPU
		{F0C8BDED-4623-4549-B970-BF0A42B4E050}.Release|Any CPU.ActiveCfg = Release|Any CPU
		{F0C8BDED-4623-4549-B970-BF0A42B4E050}.Release|Any CPU.Build.0 = Release|Any CPU
		{8EFD0FA2-2A0E-4F85-A5C7-E3E7764B45F5}.Debug|Any CPU.ActiveCfg = Debug|Any CPU
		{8EFD0FA2-2A0E-4F85-A5C7-E3E7764B45F5}.Debug|Any CPU.Build.0 = Debug|Any CPU
		{8EFD0FA2-2A0E-4F85-A5C7-E3E7764B45F5}.Release|Any CPU.ActiveCfg = Release|Any CPU
		{8EFD0FA2-2A0E-4F85-A5C7-E3E7764B45F5}.Release|Any CPU.Build.0 = Release|Any CPU
		{1EFACFC0-F5C9-4EB2-8CCB-44E0FB5B4197}.Debug|Any CPU.ActiveCfg = Debug|Any CPU
		{1EFACFC0-F5C9-4EB2-8CCB-44E0FB5B4197}.Debug|Any CPU.Build.0 = Debug|Any CPU
		{1EFACFC0-F5C9-4EB2-8CCB-44E0FB5B4197}.Release|Any CPU.ActiveCfg = Release|Any CPU
		{1EFACFC0-F5C9-4EB2-8CCB-44E0FB5B4197}.Release|Any CPU.Build.0 = Release|Any CPU
		{3AF8CC38-758D-48F5-95E1-1C299063156D}.Debug|Any CPU.ActiveCfg = Debug|Any CPU
		{3AF8CC38-758D-48F5-95E1-1C299063156D}.Debug|Any CPU.Build.0 = Debug|Any CPU
		{3AF8CC38-758D-48F5-95E1-1C299063156D}.Release|Any CPU.ActiveCfg = Release|Any CPU
		{3AF8CC38-758D-48F5-95E1-1C299063156D}.Release|Any CPU.Build.0 = Release|Any CPU
		{8669E4D7-5195-4383-A6A6-956FB2CFD9A0}.Debug|Any CPU.ActiveCfg = Debug|Any CPU
		{8669E4D7-5195-4383-A6A6-956FB2CFD9A0}.Debug|Any CPU.Build.0 = Debug|Any CPU
		{8669E4D7-5195-4383-A6A6-956FB2CFD9A0}.Release|Any CPU.ActiveCfg = Release|Any CPU
		{8669E4D7-5195-4383-A6A6-956FB2CFD9A0}.Release|Any CPU.Build.0 = Release|Any CPU
		{B4648E72-6950-4A96-B219-7EAB1B2E43BF}.Debug|Any CPU.ActiveCfg = Debug|Any CPU
		{B4648E72-6950-4A96-B219-7EAB1B2E43BF}.Debug|Any CPU.Build.0 = Debug|Any CPU
		{B4648E72-6950-4A96-B219-7EAB1B2E43BF}.Release|Any CPU.ActiveCfg = Release|Any CPU
		{B4648E72-6950-4A96-B219-7EAB1B2E43BF}.Release|Any CPU.Build.0 = Release|Any CPU
		{49085ADF-1DB0-4321-9A55-765FF2ACE373}.Debug|Any CPU.ActiveCfg = Debug|Any CPU
		{49085ADF-1DB0-4321-9A55-765FF2ACE373}.Debug|Any CPU.Build.0 = Debug|Any CPU
		{49085ADF-1DB0-4321-9A55-765FF2ACE373}.Release|Any CPU.ActiveCfg = Release|Any CPU
		{49085ADF-1DB0-4321-9A55-765FF2ACE373}.Release|Any CPU.Build.0 = Release|Any CPU
		{A26B0B5A-0A84-4D0E-8B24-7CACBC36685B}.Debug|Any CPU.ActiveCfg = Debug|Any CPU
		{A26B0B5A-0A84-4D0E-8B24-7CACBC36685B}.Debug|Any CPU.Build.0 = Debug|Any CPU
		{A26B0B5A-0A84-4D0E-8B24-7CACBC36685B}.Release|Any CPU.ActiveCfg = Release|Any CPU
		{A26B0B5A-0A84-4D0E-8B24-7CACBC36685B}.Release|Any CPU.Build.0 = Release|Any CPU
		{8C0FDDFB-769D-4C63-ACBB-C9275E9427CF}.Debug|Any CPU.ActiveCfg = Debug|Any CPU
		{8C0FDDFB-769D-4C63-ACBB-C9275E9427CF}.Debug|Any CPU.Build.0 = Debug|Any CPU
		{8C0FDDFB-769D-4C63-ACBB-C9275E9427CF}.Release|Any CPU.ActiveCfg = Release|Any CPU
		{8C0FDDFB-769D-4C63-ACBB-C9275E9427CF}.Release|Any CPU.Build.0 = Release|Any CPU
		{A18F8FF5-C8C2-4AAD-ADEB-8E5224A06FCB}.Debug|Any CPU.ActiveCfg = Debug|Any CPU
		{A18F8FF5-C8C2-4AAD-ADEB-8E5224A06FCB}.Debug|Any CPU.Build.0 = Debug|Any CPU
		{A18F8FF5-C8C2-4AAD-ADEB-8E5224A06FCB}.Release|Any CPU.ActiveCfg = Release|Any CPU
		{A18F8FF5-C8C2-4AAD-ADEB-8E5224A06FCB}.Release|Any CPU.Build.0 = Release|Any CPU
		{EE2306B8-19CD-4C40-B0B3-C3D930FF45BF}.Debug|Any CPU.ActiveCfg = Debug|Any CPU
		{EE2306B8-19CD-4C40-B0B3-C3D930FF45BF}.Debug|Any CPU.Build.0 = Debug|Any CPU
		{EE2306B8-19CD-4C40-B0B3-C3D930FF45BF}.Release|Any CPU.ActiveCfg = Release|Any CPU
		{EE2306B8-19CD-4C40-B0B3-C3D930FF45BF}.Release|Any CPU.Build.0 = Release|Any CPU
		{A529CEAF-80B0-4275-B728-1F3F2E0D78BD}.Debug|Any CPU.ActiveCfg = Debug|Any CPU
		{A529CEAF-80B0-4275-B728-1F3F2E0D78BD}.Debug|Any CPU.Build.0 = Debug|Any CPU
		{A529CEAF-80B0-4275-B728-1F3F2E0D78BD}.Release|Any CPU.ActiveCfg = Release|Any CPU
		{A529CEAF-80B0-4275-B728-1F3F2E0D78BD}.Release|Any CPU.Build.0 = Release|Any CPU
		{DB181D22-10B9-4D3A-90A1-6FC3806B1EA0}.Debug|Any CPU.ActiveCfg = Debug|Any CPU
		{DB181D22-10B9-4D3A-90A1-6FC3806B1EA0}.Debug|Any CPU.Build.0 = Debug|Any CPU
		{DB181D22-10B9-4D3A-90A1-6FC3806B1EA0}.Release|Any CPU.ActiveCfg = Release|Any CPU
		{DB181D22-10B9-4D3A-90A1-6FC3806B1EA0}.Release|Any CPU.Build.0 = Release|Any CPU
		{C200E5FA-C491-4AAB-8C74-6697A36338CD}.Debug|Any CPU.ActiveCfg = Debug|Any CPU
		{C200E5FA-C491-4AAB-8C74-6697A36338CD}.Debug|Any CPU.Build.0 = Debug|Any CPU
		{C200E5FA-C491-4AAB-8C74-6697A36338CD}.Release|Any CPU.ActiveCfg = Release|Any CPU
		{C200E5FA-C491-4AAB-8C74-6697A36338CD}.Release|Any CPU.Build.0 = Release|Any CPU
		{F287B7C2-C524-4F4C-9884-CE666EA389F5}.Debug|Any CPU.ActiveCfg = Debug|Any CPU
		{F287B7C2-C524-4F4C-9884-CE666EA389F5}.Debug|Any CPU.Build.0 = Debug|Any CPU
		{F287B7C2-C524-4F4C-9884-CE666EA389F5}.Release|Any CPU.ActiveCfg = Release|Any CPU
		{F287B7C2-C524-4F4C-9884-CE666EA389F5}.Release|Any CPU.Build.0 = Release|Any CPU
		{75B21B0E-8050-462B-A27F-9CD1F2AA8BC5}.Debug|Any CPU.ActiveCfg = Debug|Any CPU
		{75B21B0E-8050-462B-A27F-9CD1F2AA8BC5}.Debug|Any CPU.Build.0 = Debug|Any CPU
		{75B21B0E-8050-462B-A27F-9CD1F2AA8BC5}.Release|Any CPU.ActiveCfg = Release|Any CPU
		{75B21B0E-8050-462B-A27F-9CD1F2AA8BC5}.Release|Any CPU.Build.0 = Release|Any CPU
		{B489C526-FED5-4C1D-80AB-E026B4E2A2E3}.Debug|Any CPU.ActiveCfg = Debug|Any CPU
		{B489C526-FED5-4C1D-80AB-E026B4E2A2E3}.Debug|Any CPU.Build.0 = Debug|Any CPU
		{B489C526-FED5-4C1D-80AB-E026B4E2A2E3}.Release|Any CPU.ActiveCfg = Release|Any CPU
		{B489C526-FED5-4C1D-80AB-E026B4E2A2E3}.Release|Any CPU.Build.0 = Release|Any CPU
		{5ACCE47F-04B2-4969-A4EB-672C8080F969}.Debug|Any CPU.ActiveCfg = Debug|Any CPU
		{5ACCE47F-04B2-4969-A4EB-672C8080F969}.Debug|Any CPU.Build.0 = Debug|Any CPU
		{5ACCE47F-04B2-4969-A4EB-672C8080F969}.Release|Any CPU.ActiveCfg = Release|Any CPU
		{5ACCE47F-04B2-4969-A4EB-672C8080F969}.Release|Any CPU.Build.0 = Release|Any CPU
		{BBF56C33-C812-462F-BD39-80BBA6C1B85D}.Debug|Any CPU.ActiveCfg = Debug|Any CPU
		{BBF56C33-C812-462F-BD39-80BBA6C1B85D}.Debug|Any CPU.Build.0 = Debug|Any CPU
		{BBF56C33-C812-462F-BD39-80BBA6C1B85D}.Release|Any CPU.ActiveCfg = Release|Any CPU
		{BBF56C33-C812-462F-BD39-80BBA6C1B85D}.Release|Any CPU.Build.0 = Release|Any CPU
		{CE04345A-7672-41F7-919B-1B7345288228}.Debug|Any CPU.ActiveCfg = Debug|Any CPU
		{CE04345A-7672-41F7-919B-1B7345288228}.Debug|Any CPU.Build.0 = Debug|Any CPU
		{CE04345A-7672-41F7-919B-1B7345288228}.Release|Any CPU.ActiveCfg = Release|Any CPU
		{CE04345A-7672-41F7-919B-1B7345288228}.Release|Any CPU.Build.0 = Release|Any CPU
		{A7CABB54-61B5-4429-8FFD-B8B5EEDF1BED}.Debug|Any CPU.ActiveCfg = Debug|Any CPU
		{A7CABB54-61B5-4429-8FFD-B8B5EEDF1BED}.Debug|Any CPU.Build.0 = Debug|Any CPU
		{A7CABB54-61B5-4429-8FFD-B8B5EEDF1BED}.Release|Any CPU.ActiveCfg = Release|Any CPU
		{A7CABB54-61B5-4429-8FFD-B8B5EEDF1BED}.Release|Any CPU.Build.0 = Release|Any CPU
		{AA82D904-953B-4A6D-9BF5-00E4AD50C3A1}.Debug|Any CPU.ActiveCfg = Debug|Any CPU
		{AA82D904-953B-4A6D-9BF5-00E4AD50C3A1}.Debug|Any CPU.Build.0 = Debug|Any CPU
		{AA82D904-953B-4A6D-9BF5-00E4AD50C3A1}.Release|Any CPU.ActiveCfg = Release|Any CPU
		{AA82D904-953B-4A6D-9BF5-00E4AD50C3A1}.Release|Any CPU.Build.0 = Release|Any CPU
		{DE30F5C9-32B7-4A2D-8E8B-67E19A9C4947}.Debug|Any CPU.ActiveCfg = Debug|Any CPU
		{DE30F5C9-32B7-4A2D-8E8B-67E19A9C4947}.Debug|Any CPU.Build.0 = Debug|Any CPU
		{DE30F5C9-32B7-4A2D-8E8B-67E19A9C4947}.Release|Any CPU.ActiveCfg = Release|Any CPU
		{DE30F5C9-32B7-4A2D-8E8B-67E19A9C4947}.Release|Any CPU.Build.0 = Release|Any CPU
		{896FC073-8678-4085-ACDA-EE584B513FB9}.Debug|Any CPU.ActiveCfg = Debug|Any CPU
		{896FC073-8678-4085-ACDA-EE584B513FB9}.Debug|Any CPU.Build.0 = Debug|Any CPU
		{896FC073-8678-4085-ACDA-EE584B513FB9}.Release|Any CPU.ActiveCfg = Release|Any CPU
		{896FC073-8678-4085-ACDA-EE584B513FB9}.Release|Any CPU.Build.0 = Release|Any CPU
	EndGlobalSection
	GlobalSection(SolutionProperties) = preSolution
		HideSolutionNode = FALSE
	EndGlobalSection
	GlobalSection(NestedProjects) = preSolution
		{E5D16B50-136C-4090-BF3B-4AE8A153FC60} = {48C66019-D9A3-4B7B-8E57-E43E46E3F64A}
		{BB8F74E6-9367-4F92-81E8-279F2E65A663} = {87BB2BEA-F757-4B4D-8C13-44061E834A86}
		{0FE0C992-296D-4037-9B23-8FC62EFAAF5D} = {48C66019-D9A3-4B7B-8E57-E43E46E3F64A}
		{3B03C45F-C115-4BCA-AA92-FD0261419B2F} = {48C66019-D9A3-4B7B-8E57-E43E46E3F64A}
		{0CFB55F3-79FA-4A6B-89EA-C59DF8E153E0} = {48C66019-D9A3-4B7B-8E57-E43E46E3F64A}
		{7BC94C63-BB8D-4EF4-A2EE-B4155EDF9853} = {3AC0E0B1-BC65-4389-B9D7-1F423F80DF9A}
		{55F0BE31-37E6-49A3-AA95-FF9968D6D069} = {3AC0E0B1-BC65-4389-B9D7-1F423F80DF9A}
		{305C61EE-3875-4C69-B527-AEACF58CFB3C} = {3AC0E0B1-BC65-4389-B9D7-1F423F80DF9A}
		{6B95ECDB-5B41-481D-9FAD-CB54BB1B39C0} = {3AC0E0B1-BC65-4389-B9D7-1F423F80DF9A}
		{B7E641F8-4AEE-46F6-B6AF-22AB024649BB} = {48C66019-D9A3-4B7B-8E57-E43E46E3F64A}
		{20337CDD-4C49-41B4-A6B4-498C3BCC4057} = {3AC0E0B1-BC65-4389-B9D7-1F423F80DF9A}
		{CB9866C6-4F16-493C-8700-8E0B698997FA} = {3AC0E0B1-BC65-4389-B9D7-1F423F80DF9A}
		{F0C8BDED-4623-4549-B970-BF0A42B4E050} = {3AC0E0B1-BC65-4389-B9D7-1F423F80DF9A}
		{8EFD0FA2-2A0E-4F85-A5C7-E3E7764B45F5} = {3AC0E0B1-BC65-4389-B9D7-1F423F80DF9A}
		{1EFACFC0-F5C9-4EB2-8CCB-44E0FB5B4197} = {3AC0E0B1-BC65-4389-B9D7-1F423F80DF9A}
		{3AF8CC38-758D-48F5-95E1-1C299063156D} = {3AC0E0B1-BC65-4389-B9D7-1F423F80DF9A}
		{8669E4D7-5195-4383-A6A6-956FB2CFD9A0} = {3AC0E0B1-BC65-4389-B9D7-1F423F80DF9A}
		{B4648E72-6950-4A96-B219-7EAB1B2E43BF} = {3AC0E0B1-BC65-4389-B9D7-1F423F80DF9A}
		{49085ADF-1DB0-4321-9A55-765FF2ACE373} = {3AC0E0B1-BC65-4389-B9D7-1F423F80DF9A}
		{A26B0B5A-0A84-4D0E-8B24-7CACBC36685B} = {3AC0E0B1-BC65-4389-B9D7-1F423F80DF9A}
		{8C0FDDFB-769D-4C63-ACBB-C9275E9427CF} = {3AC0E0B1-BC65-4389-B9D7-1F423F80DF9A}
		{A18F8FF5-C8C2-4AAD-ADEB-8E5224A06FCB} = {3AC0E0B1-BC65-4389-B9D7-1F423F80DF9A}
		{EE2306B8-19CD-4C40-B0B3-C3D930FF45BF} = {3AC0E0B1-BC65-4389-B9D7-1F423F80DF9A}
		{A529CEAF-80B0-4275-B728-1F3F2E0D78BD} = {3AC0E0B1-BC65-4389-B9D7-1F423F80DF9A}
		{DB181D22-10B9-4D3A-90A1-6FC3806B1EA0} = {3AC0E0B1-BC65-4389-B9D7-1F423F80DF9A}
		{C200E5FA-C491-4AAB-8C74-6697A36338CD} = {3AC0E0B1-BC65-4389-B9D7-1F423F80DF9A}
		{F287B7C2-C524-4F4C-9884-CE666EA389F5} = {3AC0E0B1-BC65-4389-B9D7-1F423F80DF9A}
		{75B21B0E-8050-462B-A27F-9CD1F2AA8BC5} = {3AC0E0B1-BC65-4389-B9D7-1F423F80DF9A}
		{B489C526-FED5-4C1D-80AB-E026B4E2A2E3} = {3AC0E0B1-BC65-4389-B9D7-1F423F80DF9A}
		{5ACCE47F-04B2-4969-A4EB-672C8080F969} = {3AC0E0B1-BC65-4389-B9D7-1F423F80DF9A}
		{BBF56C33-C812-462F-BD39-80BBA6C1B85D} = {3AC0E0B1-BC65-4389-B9D7-1F423F80DF9A}
		{CE04345A-7672-41F7-919B-1B7345288228} = {48C66019-D9A3-4B7B-8E57-E43E46E3F64A}
		{A7CABB54-61B5-4429-8FFD-B8B5EEDF1BED} = {3AC0E0B1-BC65-4389-B9D7-1F423F80DF9A}
		{AA82D904-953B-4A6D-9BF5-00E4AD50C3A1} = {3AC0E0B1-BC65-4389-B9D7-1F423F80DF9A}
		{DE30F5C9-32B7-4A2D-8E8B-67E19A9C4947} = {3AC0E0B1-BC65-4389-B9D7-1F423F80DF9A}
		{896FC073-8678-4085-ACDA-EE584B513FB9} = {3AC0E0B1-BC65-4389-B9D7-1F423F80DF9A}
	EndGlobalSection
	GlobalSection(ExtensibilityGlobals) = postSolution
		SolutionGuid = {02467E9F-99F1-4DF1-9F95-B88C4DA6051D}
	EndGlobalSection
EndGlobal
