
Microsoft Visual Studio Solution File, Format Version 12.00
# Visual Studio Version 17
VisualStudioVersion = 17.4.33122.133
MinimumVisualStudioVersion = 10.0.40219.1
Project("{2150E333-8FDC-42A3-9474-1A3956D46DE8}") = "Entrances", "Entrances", "{69C4FF0E-BC56-439F-8BED-592E3A01EBBD}"
EndProject
Project("{2150E333-8FDC-42A3-9474-1A3956D46DE8}") = "Solution Items", "Solution Items", "{495B342E-4B50-4C7B-8EDF-4C6E7D3F9A6B}"
	ProjectSection(SolutionItems) = preProject
		README.md = README.md
	EndProjectSection
EndProject
Project("{2150E333-8FDC-42A3-9474-1A3956D46DE8}") = "Core", "Core", "{193AD091-95BC-4B43-9C76-D5AFF7DEFB70}"
EndProject
Project("{2150E333-8FDC-42A3-9474-1A3956D46DE8}") = "StandardLibraries", "StandardLibraries", "{66A19951-0B64-4CDA-9283-DF42F000BB81}"
EndProject
Project("{9A19103F-16F7-4668-BE54-9A1E7A4F7556}") = "Pure", "Frontends\Pure\Pure.csproj", "{D21BD419-54D4-4DB3-9C04-603C8A540B2C}"
EndProject
Project("{9A19103F-16F7-4668-BE54-9A1E7A4F7556}") = "Notebook", "Frontends\Notebook\Notebook.csproj", "{3F14E6A1-2617-4D24-A0B2-DEEDC1B49A7D}"
EndProject
Project("{9A19103F-16F7-4668-BE54-9A1E7A4F7556}") = "ODBC", "StandardLibraries\ODBC\ODBC.csproj", "{48C99BA1-552E-42E9-A6EC-E4638AE00C48}"
EndProject
Project("{9A19103F-16F7-4668-BE54-9A1E7A4F7556}") = "Plot", "StandardLibraries\Plot\Plot.csproj", "{D700DB74-B9EC-4C56-BA3B-A86DD6443016}"
EndProject
Project("{9A19103F-16F7-4668-BE54-9A1E7A4F7556}") = "Python", "StandardLibraries\Python\Python.csproj", "{4E817DB6-708C-4B6A-A309-C25F048B914D}"
EndProject
Project("{9A19103F-16F7-4668-BE54-9A1E7A4F7556}") = "Vector", "StandardLibraries\Vector\Vector.csproj", "{8F17C4F4-96C5-4623-A19F-67084FA6C769}"
EndProject
Project("{9A19103F-16F7-4668-BE54-9A1E7A4F7556}") = "CorePackage", "StandardLibraries\CorePackage\CorePackage.csproj", "{22254A0F-D8F2-480C-931B-F10058D56671}"
EndProject
Project("{9A19103F-16F7-4668-BE54-9A1E7A4F7556}") = "Matrix", "StandardLibraries\Matrix\Matrix.csproj", "{EA81C7FF-582B-49FC-AFAE-6979C1071003}"
EndProject
Project("{9A19103F-16F7-4668-BE54-9A1E7A4F7556}") = "CSV", "StandardLibraries\CSV\CSV.csproj", "{CB9C0FAD-C0BD-4765-A246-49A1277747D7}"
EndProject
Project("{9A19103F-16F7-4668-BE54-9A1E7A4F7556}") = "Parcel.CoreEngine", "..\Parcel.NExT\CoreEngines\Parcel.CoreEngine\Parcel.CoreEngine.csproj", "{418CD739-3054-450A-87BE-929374B7F25D}"
EndProject
Project("{9A19103F-16F7-4668-BE54-9A1E7A4F7556}") = "Parcel.CoreEngine.Service", "..\Parcel.NExT\CoreEngines\Parcel.CoreEngine.Service\Parcel.CoreEngine.Service.csproj", "{087CE6EF-6EBD-4980-9577-5D148A26C0D0}"
EndProject
Project("{9A19103F-16F7-4668-BE54-9A1E7A4F7556}") = "Parcel.NExT.Interpreter", "..\Parcel.NExT\CoreEngines\Parcel.NExT.Interpreter\Parcel.NExT.Interpreter.csproj", "{7DF95576-C925-462E-B6E4-D86810748653}"
EndProject
Project("{9A19103F-16F7-4668-BE54-9A1E7A4F7556}") = "Parcel.NExT.Python", "..\Parcel.NExT\CoreEngines\Parcel.NExT.Python\Parcel.NExT.Python.csproj", "{710F2965-5C20-4BFF-9585-23ADD07D6F89}"
EndProject
Global
	GlobalSection(SolutionConfigurationPlatforms) = preSolution
		Debug|Any CPU = Debug|Any CPU
		Release|Any CPU = Release|Any CPU
	EndGlobalSection
	GlobalSection(ProjectConfigurationPlatforms) = postSolution
		{D21BD419-54D4-4DB3-9C04-603C8A540B2C}.Debug|Any CPU.ActiveCfg = Debug|Any CPU
		{D21BD419-54D4-4DB3-9C04-603C8A540B2C}.Debug|Any CPU.Build.0 = Debug|Any CPU
		{D21BD419-54D4-4DB3-9C04-603C8A540B2C}.Release|Any CPU.ActiveCfg = Release|Any CPU
		{D21BD419-54D4-4DB3-9C04-603C8A540B2C}.Release|Any CPU.Build.0 = Release|Any CPU
		{3F14E6A1-2617-4D24-A0B2-DEEDC1B49A7D}.Debug|Any CPU.ActiveCfg = Debug|Any CPU
		{3F14E6A1-2617-4D24-A0B2-DEEDC1B49A7D}.Debug|Any CPU.Build.0 = Debug|Any CPU
		{3F14E6A1-2617-4D24-A0B2-DEEDC1B49A7D}.Release|Any CPU.ActiveCfg = Release|Any CPU
		{3F14E6A1-2617-4D24-A0B2-DEEDC1B49A7D}.Release|Any CPU.Build.0 = Release|Any CPU
		{48C99BA1-552E-42E9-A6EC-E4638AE00C48}.Debug|Any CPU.ActiveCfg = Debug|Any CPU
		{48C99BA1-552E-42E9-A6EC-E4638AE00C48}.Debug|Any CPU.Build.0 = Debug|Any CPU
		{48C99BA1-552E-42E9-A6EC-E4638AE00C48}.Release|Any CPU.ActiveCfg = Release|Any CPU
		{48C99BA1-552E-42E9-A6EC-E4638AE00C48}.Release|Any CPU.Build.0 = Release|Any CPU
		{D700DB74-B9EC-4C56-BA3B-A86DD6443016}.Debug|Any CPU.ActiveCfg = Debug|Any CPU
		{D700DB74-B9EC-4C56-BA3B-A86DD6443016}.Debug|Any CPU.Build.0 = Debug|Any CPU
		{D700DB74-B9EC-4C56-BA3B-A86DD6443016}.Release|Any CPU.ActiveCfg = Release|Any CPU
		{D700DB74-B9EC-4C56-BA3B-A86DD6443016}.Release|Any CPU.Build.0 = Release|Any CPU
		{4E817DB6-708C-4B6A-A309-C25F048B914D}.Debug|Any CPU.ActiveCfg = Debug|Any CPU
		{4E817DB6-708C-4B6A-A309-C25F048B914D}.Debug|Any CPU.Build.0 = Debug|Any CPU
		{4E817DB6-708C-4B6A-A309-C25F048B914D}.Release|Any CPU.ActiveCfg = Release|Any CPU
		{4E817DB6-708C-4B6A-A309-C25F048B914D}.Release|Any CPU.Build.0 = Release|Any CPU
		{8F17C4F4-96C5-4623-A19F-67084FA6C769}.Debug|Any CPU.ActiveCfg = Debug|Any CPU
		{8F17C4F4-96C5-4623-A19F-67084FA6C769}.Debug|Any CPU.Build.0 = Debug|Any CPU
		{8F17C4F4-96C5-4623-A19F-67084FA6C769}.Release|Any CPU.ActiveCfg = Release|Any CPU
		{8F17C4F4-96C5-4623-A19F-67084FA6C769}.Release|Any CPU.Build.0 = Release|Any CPU
		{22254A0F-D8F2-480C-931B-F10058D56671}.Debug|Any CPU.ActiveCfg = Debug|Any CPU
		{22254A0F-D8F2-480C-931B-F10058D56671}.Debug|Any CPU.Build.0 = Debug|Any CPU
		{22254A0F-D8F2-480C-931B-F10058D56671}.Release|Any CPU.ActiveCfg = Release|Any CPU
		{22254A0F-D8F2-480C-931B-F10058D56671}.Release|Any CPU.Build.0 = Release|Any CPU
		{EA81C7FF-582B-49FC-AFAE-6979C1071003}.Debug|Any CPU.ActiveCfg = Debug|Any CPU
		{EA81C7FF-582B-49FC-AFAE-6979C1071003}.Debug|Any CPU.Build.0 = Debug|Any CPU
		{EA81C7FF-582B-49FC-AFAE-6979C1071003}.Release|Any CPU.ActiveCfg = Release|Any CPU
		{EA81C7FF-582B-49FC-AFAE-6979C1071003}.Release|Any CPU.Build.0 = Release|Any CPU
		{CB9C0FAD-C0BD-4765-A246-49A1277747D7}.Debug|Any CPU.ActiveCfg = Debug|Any CPU
		{CB9C0FAD-C0BD-4765-A246-49A1277747D7}.Debug|Any CPU.Build.0 = Debug|Any CPU
		{CB9C0FAD-C0BD-4765-A246-49A1277747D7}.Release|Any CPU.ActiveCfg = Release|Any CPU
		{CB9C0FAD-C0BD-4765-A246-49A1277747D7}.Release|Any CPU.Build.0 = Release|Any CPU
		{418CD739-3054-450A-87BE-929374B7F25D}.Debug|Any CPU.ActiveCfg = Debug|Any CPU
		{418CD739-3054-450A-87BE-929374B7F25D}.Debug|Any CPU.Build.0 = Debug|Any CPU
		{418CD739-3054-450A-87BE-929374B7F25D}.Release|Any CPU.ActiveCfg = Release|Any CPU
		{418CD739-3054-450A-87BE-929374B7F25D}.Release|Any CPU.Build.0 = Release|Any CPU
		{087CE6EF-6EBD-4980-9577-5D148A26C0D0}.Debug|Any CPU.ActiveCfg = Debug|Any CPU
		{087CE6EF-6EBD-4980-9577-5D148A26C0D0}.Debug|Any CPU.Build.0 = Debug|Any CPU
		{087CE6EF-6EBD-4980-9577-5D148A26C0D0}.Release|Any CPU.ActiveCfg = Release|Any CPU
		{087CE6EF-6EBD-4980-9577-5D148A26C0D0}.Release|Any CPU.Build.0 = Release|Any CPU
		{7DF95576-C925-462E-B6E4-D86810748653}.Debug|Any CPU.ActiveCfg = Debug|Any CPU
		{7DF95576-C925-462E-B6E4-D86810748653}.Debug|Any CPU.Build.0 = Debug|Any CPU
		{7DF95576-C925-462E-B6E4-D86810748653}.Release|Any CPU.ActiveCfg = Release|Any CPU
		{7DF95576-C925-462E-B6E4-D86810748653}.Release|Any CPU.Build.0 = Release|Any CPU
		{710F2965-5C20-4BFF-9585-23ADD07D6F89}.Debug|Any CPU.ActiveCfg = Debug|Any CPU
		{710F2965-5C20-4BFF-9585-23ADD07D6F89}.Debug|Any CPU.Build.0 = Debug|Any CPU
		{710F2965-5C20-4BFF-9585-23ADD07D6F89}.Release|Any CPU.ActiveCfg = Release|Any CPU
		{710F2965-5C20-4BFF-9585-23ADD07D6F89}.Release|Any CPU.Build.0 = Release|Any CPU
	EndGlobalSection
	GlobalSection(SolutionProperties) = preSolution
		HideSolutionNode = FALSE
	EndGlobalSection
	GlobalSection(NestedProjects) = preSolution
		{D21BD419-54D4-4DB3-9C04-603C8A540B2C} = {69C4FF0E-BC56-439F-8BED-592E3A01EBBD}
		{3F14E6A1-2617-4D24-A0B2-DEEDC1B49A7D} = {69C4FF0E-BC56-439F-8BED-592E3A01EBBD}
		{48C99BA1-552E-42E9-A6EC-E4638AE00C48} = {66A19951-0B64-4CDA-9283-DF42F000BB81}
		{D700DB74-B9EC-4C56-BA3B-A86DD6443016} = {66A19951-0B64-4CDA-9283-DF42F000BB81}
		{4E817DB6-708C-4B6A-A309-C25F048B914D} = {66A19951-0B64-4CDA-9283-DF42F000BB81}
		{8F17C4F4-96C5-4623-A19F-67084FA6C769} = {66A19951-0B64-4CDA-9283-DF42F000BB81}
		{22254A0F-D8F2-480C-931B-F10058D56671} = {66A19951-0B64-4CDA-9283-DF42F000BB81}
		{EA81C7FF-582B-49FC-AFAE-6979C1071003} = {66A19951-0B64-4CDA-9283-DF42F000BB81}
		{CB9C0FAD-C0BD-4765-A246-49A1277747D7} = {66A19951-0B64-4CDA-9283-DF42F000BB81}
		{418CD739-3054-450A-87BE-929374B7F25D} = {193AD091-95BC-4B43-9C76-D5AFF7DEFB70}
		{087CE6EF-6EBD-4980-9577-5D148A26C0D0} = {193AD091-95BC-4B43-9C76-D5AFF7DEFB70}
		{7DF95576-C925-462E-B6E4-D86810748653} = {193AD091-95BC-4B43-9C76-D5AFF7DEFB70}
		{710F2965-5C20-4BFF-9585-23ADD07D6F89} = {193AD091-95BC-4B43-9C76-D5AFF7DEFB70}
	EndGlobalSection
	GlobalSection(ExtensibilityGlobals) = postSolution
		SolutionGuid = {B113BF9D-0A5B-43D7-A132-D1CCD6AC46DA}
	EndGlobalSection
EndGlobal
