
Microsoft Visual Studio Solution File, Format Version 12.00
# Visual Studio Version 17
VisualStudioVersion = 17.8.34322.80
MinimumVisualStudioVersion = 10.0.40219.1
Project("{2150E333-8FDC-42A3-9474-1A3956D46DE8}") = "Visualization", "Visualization", "{9DE3CE56-C459-443B-8599-FEA398F479D0}"
EndProject
Project("{9A19103F-16F7-4668-BE54-9A1E7A4F7556}") = "GraphPlotting.Parcel", "Visualization\GraphPlotting.Parcel\GraphPlotting.Parcel.csproj", "{DABBB2C7-9530-4684-A104-67C4EE5D86B8}"
EndProject
Global
	GlobalSection(SolutionConfigurationPlatforms) = preSolution
		Debug|Any CPU = Debug|Any CPU
		Release|Any CPU = Release|Any CPU
	EndGlobalSection
	GlobalSection(ProjectConfigurationPlatforms) = postSolution
		{DABBB2C7-9530-4684-A104-67C4EE5D86B8}.Debug|Any CPU.ActiveCfg = Debug|Any CPU
		{DABBB2C7-9530-4684-A104-67C4EE5D86B8}.Debug|Any CPU.Build.0 = Debug|Any CPU
		{DABBB2C7-9530-4684-A104-67C4EE5D86B8}.Release|Any CPU.ActiveCfg = Release|Any CPU
		{DABBB2C7-9530-4684-A104-67C4EE5D86B8}.Release|Any CPU.Build.0 = Release|Any CPU
	EndGlobalSection
	GlobalSection(SolutionProperties) = preSolution
		HideSolutionNode = FALSE
	EndGlobalSection
	GlobalSection(NestedProjects) = preSolution
		{DABBB2C7-9530-4684-A104-67C4EE5D86B8} = {9DE3CE56-C459-443B-8599-FEA398F479D0}
	EndGlobalSection
	GlobalSection(ExtensibilityGlobals) = postSolution
		SolutionGuid = {B1978BE8-4249-434D-B3ED-6BFFE5E921DA}
	EndGlobalSection
EndGlobal
