
Microsoft Visual Studio Solution File, Format Version 12.00
# Visual Studio Version 17
VisualStudioVersion = 17.8.34322.80
MinimumVisualStudioVersion = 10.0.40219.1
Project("{2150E333-8FDC-42A3-9474-1A3956D46DE8}") = "FrontEnds", "FrontEnds", "{F8939373-9D21-4D9F-B77A-59B094A2AB2D}"
EndProject
Project("{2150E333-8FDC-42A3-9474-1A3956D46DE8}") = "BackEnds", "BackEnds", "{50DFDC8F-6028-4C89-9447-114BDD78E45F}"
EndProject
Project("{2150E333-8FDC-42A3-9474-1A3956D46DE8}") = "Utilities", "Utilities", "{DB9193D2-6EFC-4C82-B6B2-739A378E7328}"
EndProject
Project("{2150E333-8FDC-42A3-9474-1A3956D46DE8}") = "CoreEngines", "CoreEngines", "{5643984C-7F96-4208-B484-07E84BAF15B9}"
EndProject
Project("{9A19103F-16F7-4668-BE54-9A1E7A4F7556}") = "Parcel.CoreEngine", "CoreEngines\Parcel.CoreEngine\Parcel.CoreEngine.csproj", "{6105258E-0D71-44DB-839B-26D33018734B}"
EndProject
Project("{2150E333-8FDC-42A3-9474-1A3956D46DE8}") = "Solution Items", "Solution Items", "{00A85304-AD4C-4A5C-AB02-C81324576D3E}"
	ProjectSection(SolutionItems) = preProject
		README.md = README.md
	EndProjectSection
EndProject
Project("{9A19103F-16F7-4668-BE54-9A1E7A4F7556}") = "MiniParcel", "FrontEnds\MiniParcel\MiniParcel.csproj", "{29FB56CA-04C9-47D7-A751-FC121F3F0B72}"
EndProject
Project("{9A19103F-16F7-4668-BE54-9A1E7A4F7556}") = "Parcel.CoreEngine.Service", "CoreEngines\Parcel.CoreEngine.Service\Parcel.CoreEngine.Service.csproj", "{A5E9F5B6-4DA1-46F4-AE33-2F0903824CD4}"
EndProject
Project("{9A19103F-16F7-4668-BE54-9A1E7A4F7556}") = "Parcel.NExT.Interpreter", "CoreEngines\Parcel.NExT.Interpreter\Parcel.NExT.Interpreter.csproj", "{24AD6145-51EA-46AA-AE6D-DDCB4C92219F}"
EndProject
Project("{2150E333-8FDC-42A3-9474-1A3956D46DE8}") = "UnitTests", "UnitTests", "{AF4E4472-BC69-414F-B764-C5413B9D74CF}"
EndProject
Project("{9A19103F-16F7-4668-BE54-9A1E7A4F7556}") = "Parcel.CoreEngine.UnitTests", "UnitTests\Parcel.CoreEngine.UnitTests\Parcel.CoreEngine.UnitTests.csproj", "{C02092B9-FCCE-4FFA-8B64-F1D9DF8C822E}"
EndProject
Project("{9A19103F-16F7-4668-BE54-9A1E7A4F7556}") = "Parcel.CoreEngine.Service.UnitTests", "UnitTests\Parcel.CoreEngine.Service.UnitTests\Parcel.CoreEngine.Service.UnitTests.csproj", "{E0063ACF-BACE-42A7-86B9-0D95C61F7EF7}"
EndProject
Project("{9A19103F-16F7-4668-BE54-9A1E7A4F7556}") = "Parcel.NExT.Interpreter.UnitTests", "UnitTests\Parcel.NExT.Interpreter.UnitTests\Parcel.NExT.Interpreter.UnitTests.csproj", "{AD98B9B5-BD2D-4813-AEFC-5922B0298F36}"
EndProject
Project("{2150E333-8FDC-42A3-9474-1A3956D46DE8}") = "Non-Thread-Safe", "Non-Thread-Safe", "{2014E680-DDD3-425F-8AD4-5F346DF88895}"
EndProject
Project("{9A19103F-16F7-4668-BE54-9A1E7A4F7556}") = "Parcel.CoreEngine.Service.UnitTests.HelloWorld", "UnitTests\NonThreadSafe\Parcel.CoreEngine.Service.UnitTests.HelloWorld\Parcel.CoreEngine.Service.UnitTests.HelloWorld.csproj", "{F15F8D38-2941-4D0D-A11B-1753442B0A03}"
EndProject
Project("{2150E333-8FDC-42A3-9474-1A3956D46DE8}") = "FrontEnds", "FrontEnds", "{3B08DB22-C615-4996-B031-66B5637A499D}"
EndProject
Project("{2150E333-8FDC-42A3-9474-1A3956D46DE8}") = "Core Services", "Core Services", "{8F3A7F53-BBB3-4A53-844A-DD0E933D1EC0}"
EndProject
Project("{9A19103F-16F7-4668-BE54-9A1E7A4F7556}") = "MiniParcel.UnitTests", "UnitTests\MiniParcel.UnitTests\MiniParcel.UnitTests.csproj", "{658AFF7A-003C-4542-A516-C3E3138193CF}"
EndProject
Project("{9A19103F-16F7-4668-BE54-9A1E7A4F7556}") = "InteractivePython", "BackEnds\InteractivePython\InteractivePython.csproj", "{870C7E6E-C0C4-412F-AB7D-49E558220F89}"
EndProject
Project("{9A19103F-16F7-4668-BE54-9A1E7A4F7556}") = "Merlin", "BackEnds\Merlin\Merlin.csproj", "{2EC1D7C3-4760-4523-BE7D-5DBFE76319B7}"
EndProject
Project("{9A19103F-16F7-4668-BE54-9A1E7A4F7556}") = "Parcel.NExT.Python", "CoreEngines\Parcel.NExT.Python\Parcel.NExT.Python.csproj", "{C3F5CA8B-F113-4940-B0D7-3A251B084F0B}"
EndProject
Project("{9A19103F-16F7-4668-BE54-9A1E7A4F7556}") = "Parcel.CoreEngine.StandardLibraries", "Libraries\Parcel.CoreEngine.StandardLibraries\Parcel.CoreEngine.StandardLibraries.csproj", "{754FF267-3C43-4C80-A59A-F3AC83B6DA9F}"
EndProject
Project("{9A19103F-16F7-4668-BE54-9A1E7A4F7556}") = "Tranquility", "BackEnds\Tranquility\Tranquility.csproj", "{EDBBF224-1E70-48F3-A26B-50073BC8FB75}"
EndProject
Project("{9A19103F-16F7-4668-BE54-9A1E7A4F7556}") = "Parcel.NExT.Python.UnitTests", "UnitTests\Parcel.NExT.Python.UnitTests\Parcel.NExT.Python.UnitTests.csproj", "{34CC3EA7-2131-447B-8DA7-C2D5D8B1C828}"
EndProject
Project("{2150E333-8FDC-42A3-9474-1A3956D46DE8}") = "BackEnds", "BackEnds", "{75B00E30-6D75-4D3A-8531-182BD3636C24}"
EndProject
Project("{9A19103F-16F7-4668-BE54-9A1E7A4F7556}") = "Tranquility.UnitTests", "UnitTests\Tranquility.UnitTests\Tranquility.UnitTests.csproj", "{BB894AF5-3577-4FCE-82A1-41D6F67EF021}"
EndProject
Project("{2150E333-8FDC-42A3-9474-1A3956D46DE8}") = "Basic", "Basic", "{B30C3E82-D1E9-4318-874F-9F190BB1E47F}"
EndProject
Project("{9A19103F-16F7-4668-BE54-9A1E7A4F7556}") = "StandardLibrary", "BasicModules\StandardLibrary\StandardLibrary.csproj", "{2B6C01FF-3EAC-46DC-9B85-7DD2FFA2DC8A}"
EndProject
Project("{9A19103F-16F7-4668-BE54-9A1E7A4F7556}") = "Pure", "..\..\..\..\Pure2\Frontends\Pure\Pure.csproj", "{49563F35-81FA-406E-97AF-E99D806CB8D8}"
EndProject
Project("{9A19103F-16F7-4668-BE54-9A1E7A4F7556}") = "Parcel.Neo", "..\..\..\Experiments\PV1_Neo\Parcel.Neo\Parcel.Neo.csproj", "{5DEE5A64-71D0-47A8-9542-5E37CDE66D9D}"
EndProject
Project("{2150E333-8FDC-42A3-9474-1A3956D46DE8}") = "Packages", "Packages", "{5DAC94E8-D40A-48D4-81A8-206229E281E9}"
EndProject
Project("{9A19103F-16F7-4668-BE54-9A1E7A4F7556}") = "Parcel.DataGrid", "Packages\Parcel.DataGrid\Parcel.DataGrid.csproj", "{DA1C8A6E-552F-43E6-A67E-320BC8A75FCD}"
EndProject
Project("{9A19103F-16F7-4668-BE54-9A1E7A4F7556}") = "Parcel.Excel", "Packages\Parcel.Excel\Parcel.Excel.csproj", "{98D21307-D286-48D4-B21D-D37F42DDB645}"
EndProject
Project("{9A19103F-16F7-4668-BE54-9A1E7A4F7556}") = "Parcel.CSV", "Packages\Parcel.CSV\Parcel.CSV.csproj", "{AFB57A0C-3DD4-404C-8AC8-75D4489054B4}"
EndProject
Project("{9A19103F-16F7-4668-BE54-9A1E7A4F7556}") = "Parcel.REST", "Packages\Parcel.REST\Parcel.REST.csproj", "{F526A023-1055-406D-9E71-3F9DFA7C8514}"
EndProject
Project("{9A19103F-16F7-4668-BE54-9A1E7A4F7556}") = "Parcel.DataAnalytics", "Packages\Parcel.DataAnalytics\Parcel.DataAnalytics.csproj", "{138A2321-0243-4C20-A21E-F73385FC1715}"
EndProject
Project("{9A19103F-16F7-4668-BE54-9A1E7A4F7556}") = "Parcel.InMemoryDB", "Packages\Parcel.InMemoryDB\Parcel.InMemoryDB.csproj", "{F7290E2D-ADC7-43E3-A544-E02500A07F57}"
EndProject
Project("{9A19103F-16F7-4668-BE54-9A1E7A4F7556}") = "Parcel.MSAnalysisService", "Packages\Parcel.MSAnalysisService\Parcel.MSAnalysisService.csproj", "{E0A1A6DC-5395-442E-B563-48F57E4FE847}"
EndProject
Project("{9A19103F-16F7-4668-BE54-9A1E7A4F7556}") = "Parcel.Matrix", "Packages\Parcel.Matrix\Parcel.Matrix.csproj", "{618CAF34-D332-4E5A-9900-09F9002B8DD6}"
EndProject
Project("{9A19103F-16F7-4668-BE54-9A1E7A4F7556}") = "Parcel.Vector", "Packages\Parcel.Vector\Parcel.Vector.csproj", "{8ADE9F70-BE4D-4CFC-9C20-BFD2C89C10F3}"
EndProject
Project("{9A19103F-16F7-4668-BE54-9A1E7A4F7556}") = "Parcel.Statistics", "Packages\Parcel.Statistics\Parcel.Statistics.csproj", "{2147E5E9-E0A6-448D-8C9F-8A02560D7BF8}"
EndProject
Project("{2150E333-8FDC-42A3-9474-1A3956D46DE8}") = "Packages", "Packages", "{36260A24-6347-431E-B3FC-0F92D280A840}"
EndProject
Project("{9A19103F-16F7-4668-BE54-9A1E7A4F7556}") = "Parcel.DataGrid.UnitTests", "UnitTests\Parcel.DataGrid.UnitTests\Parcel.DataGrid.UnitTests.csproj", "{0440BB25-8CA7-4BF0-A776-5F16EEDA04E6}"
EndProject
Project("{9A19103F-16F7-4668-BE54-9A1E7A4F7556}") = "Parcel.HistoryData", "Packages\Parcel.HistoryData\Parcel.HistoryData.csproj", "{5B383897-F8CC-4A50-9EBF-1D7979928612}"
EndProject
Project("{9A19103F-16F7-4668-BE54-9A1E7A4F7556}") = "Parcel.Generators", "Packages\Parcel.Generators\Parcel.Generators.csproj", "{B6B4549F-809C-416C-B03D-60F85B4FD46F}"
EndProject
Project("{9A19103F-16F7-4668-BE54-9A1E7A4F7556}") = "Parcel.Plots", "Packages\Parcel.Plots\Parcel.Plots.csproj", "{3F4B7A37-8060-4D3D-ACF2-E034D5CFBC28}"
EndProject
Project("{9A19103F-16F7-4668-BE54-9A1E7A4F7556}") = "Parcel.LLM", "Packages\Parcel.LLM\Parcel.LLM.csproj", "{6668FED9-F027-4BB5-BF3A-F474268F5183}"
EndProject
Project("{9A19103F-16F7-4668-BE54-9A1E7A4F7556}") = "Parcel.VisualNovel", "Packages\Parcel.VisualNovel\Parcel.VisualNovel.csproj", "{BF2B29C4-5F0F-4566-8D4A-6732BE1F1C81}"
EndProject
Project("{9A19103F-16F7-4668-BE54-9A1E7A4F7556}") = "Parcel.DevelopmentWebServer", "Packages\Parcel.DevelopmentWebServer\Parcel.DevelopmentWebServer.csproj", "{F0BDFC04-3DC1-444F-997E-3FD9AC66E25B}"
EndProject
Project("{9A19103F-16F7-4668-BE54-9A1E7A4F7556}") = "Parcel.HTTPServer", "Packages\Parcel.HTTPServer\Parcel.HTTPServer.csproj", "{92145480-8EB0-4C99-98AD-6E06EC687A46}"
EndProject
Project("{9A19103F-16F7-4668-BE54-9A1E7A4F7556}") = "Parcel.DataAnalytics.Integrations", "Packages\Parcel.DataAnalytics.Integrations\Parcel.DataAnalytics.Integrations.csproj", "{2CFEC0B7-1A69-4497-91DF-A5867CB82C7A}"
EndProject
Project("{9A19103F-16F7-4668-BE54-9A1E7A4F7556}") = "Parcel.JSON", "Packages\Parcel.JSON\Parcel.JSON.csproj", "{36C8B7B5-113A-464E-8821-DB5D878A7FB9}"
EndProject
Project("{9A19103F-16F7-4668-BE54-9A1E7A4F7556}") = "Parcel.Github", "Packages\Parcel.Github\Parcel.Github.csproj", "{07F66909-EDF6-43D5-97DA-5EA606268369}"
EndProject
Project("{9A19103F-16F7-4668-BE54-9A1E7A4F7556}") = "Parcel.BuildBot", "Packages\Parcel.BuildBot\Parcel.BuildBot.csproj", "{3914F981-3B28-455C-A54A-7D66ED1186C0}"
EndProject
Project("{9A19103F-16F7-4668-BE54-9A1E7A4F7556}") = "Parcel.InMemoryDB.Integration.DataGrid", "Packages\Parcel.InMemoryDB.Integration.DataGrid\Parcel.InMemoryDB.Integration.DataGrid.csproj", "{54077EC5-207C-4C1C-B518-86C3694F131F}"
EndProject
Project("{9A19103F-16F7-4668-BE54-9A1E7A4F7556}") = "Parcel.InMemoryDB.Integration.ODBC", "Packages\Parcel.InMemoryDB.Integration.ODBC\Parcel.InMemoryDB.Integration.ODBC.csproj", "{A63D6180-CB43-4516-9CAD-04F6E7910109}"
EndProject
Project("{9A19103F-16F7-4668-BE54-9A1E7A4F7556}") = "Parcel.InMemoryDB.Integration.CLI", "Packages\Parcel.InMemoryDB.Integration.CLI\Parcel.InMemoryDB.Integration.CLI.csproj", "{E1AE533A-731B-473C-A054-60E5BBB673E9}"
EndProject
Project("{9A19103F-16F7-4668-BE54-9A1E7A4F7556}") = "Parcel.DataTable", "Packages\Parcel.DataTable\Parcel.DataTable.csproj", "{E476A910-16AB-420D-B5CF-25801BBA017F}"
EndProject
Project("{9A19103F-16F7-4668-BE54-9A1E7A4F7556}") = "Parcel.CellSet", "Packages\Parcel.CellSet\Parcel.CellSet.csproj", "{BDD754F7-63A1-41F8-8732-1B4E8431CBD6}"
EndProject
Project("{9A19103F-16F7-4668-BE54-9A1E7A4F7556}") = "Parcel.LighteningAgent", "Packages\Parcel.LighteningAgent\Parcel.LighteningAgent.csproj", "{24719DE3-0E1D-4127-BF37-8D40D001B08E}"
EndProject
Project("{9A19103F-16F7-4668-BE54-9A1E7A4F7556}") = "Parcel.InMemoryDB.Integration", "Packages\Parcel.InMemoryDB.Integration\Parcel.InMemoryDB.Integration.csproj", "{E13858CA-6F74-4140-95AB-DE6A7910C237}"
EndProject
Project("{9A19103F-16F7-4668-BE54-9A1E7A4F7556}") = "Parcel.ODBC", "Packages\Parcel.ODBC\Parcel.ODBC.csproj", "{A5A44672-C848-470D-BD4E-C4F51A5FFABE}"
EndProject
Project("{9A19103F-16F7-4668-BE54-9A1E7A4F7556}") = "Parcel.InMemoryDB.CMS", "Packages\Parcel.InMemoryDB.CMS\Parcel.InMemoryDB.CMS.csproj", "{838E3D04-D45B-4162-AD50-0D4BF35BB495}"
EndProject
Project("{9A19103F-16F7-4668-BE54-9A1E7A4F7556}") = "Parcel.InMemoryDB.WebSurveys", "Packages\Parcel.InMemoryDB.WebSurveys\Parcel.InMemoryDB.WebSurveys.csproj", "{4CA02B38-B915-4080-82A8-E1072AC4723D}"
EndProject
Project("{9A19103F-16F7-4668-BE54-9A1E7A4F7556}") = "Parcel.Razor", "Packages\Parcel.Razor\Parcel.Razor.csproj", "{89188B0E-244B-4577-8A88-972721E4F9AC}"
EndProject
Project("{9A19103F-16F7-4668-BE54-9A1E7A4F7556}") = "Parcel.Networking", "Packages\Parcel.Networking\Parcel.Networking.csproj", "{64A9960B-1CCA-4D00-891D-922217EFF974}"
EndProject
Project("{9A19103F-16F7-4668-BE54-9A1E7A4F7556}") = "Parcel.Serialization", "Packages\Parcel.Serialization\Parcel.Serialization.csproj", "{42BA8E1E-3F3A-4C79-8A14-8A9AF8BCDF64}"
EndProject
Project("{FAE04EC0-301F-11D3-BF4B-00C04F79EFBC}") = "Parcel.MathConstants", "Packages\Parcel.MathConstants\Parcel.MathConstants.csproj", "{EBC78E9F-9171-4C2E-8204-90CFDCBAECAD}"
EndProject
Global
	GlobalSection(SolutionConfigurationPlatforms) = preSolution
		Debug|Any CPU = Debug|Any CPU
		Release|Any CPU = Release|Any CPU
	EndGlobalSection
	GlobalSection(ProjectConfigurationPlatforms) = postSolution
		{6105258E-0D71-44DB-839B-26D33018734B}.Debug|Any CPU.ActiveCfg = Debug|Any CPU
		{6105258E-0D71-44DB-839B-26D33018734B}.Debug|Any CPU.Build.0 = Debug|Any CPU
		{6105258E-0D71-44DB-839B-26D33018734B}.Release|Any CPU.ActiveCfg = Release|Any CPU
		{6105258E-0D71-44DB-839B-26D33018734B}.Release|Any CPU.Build.0 = Release|Any CPU
		{29FB56CA-04C9-47D7-A751-FC121F3F0B72}.Debug|Any CPU.ActiveCfg = Debug|Any CPU
		{29FB56CA-04C9-47D7-A751-FC121F3F0B72}.Debug|Any CPU.Build.0 = Debug|Any CPU
		{29FB56CA-04C9-47D7-A751-FC121F3F0B72}.Release|Any CPU.ActiveCfg = Release|Any CPU
		{29FB56CA-04C9-47D7-A751-FC121F3F0B72}.Release|Any CPU.Build.0 = Release|Any CPU
		{A5E9F5B6-4DA1-46F4-AE33-2F0903824CD4}.Debug|Any CPU.ActiveCfg = Debug|Any CPU
		{A5E9F5B6-4DA1-46F4-AE33-2F0903824CD4}.Debug|Any CPU.Build.0 = Debug|Any CPU
		{A5E9F5B6-4DA1-46F4-AE33-2F0903824CD4}.Release|Any CPU.ActiveCfg = Release|Any CPU
		{A5E9F5B6-4DA1-46F4-AE33-2F0903824CD4}.Release|Any CPU.Build.0 = Release|Any CPU
		{24AD6145-51EA-46AA-AE6D-DDCB4C92219F}.Debug|Any CPU.ActiveCfg = Debug|Any CPU
		{24AD6145-51EA-46AA-AE6D-DDCB4C92219F}.Debug|Any CPU.Build.0 = Debug|Any CPU
		{24AD6145-51EA-46AA-AE6D-DDCB4C92219F}.Release|Any CPU.ActiveCfg = Release|Any CPU
		{24AD6145-51EA-46AA-AE6D-DDCB4C92219F}.Release|Any CPU.Build.0 = Release|Any CPU
		{C02092B9-FCCE-4FFA-8B64-F1D9DF8C822E}.Debug|Any CPU.ActiveCfg = Debug|Any CPU
		{C02092B9-FCCE-4FFA-8B64-F1D9DF8C822E}.Debug|Any CPU.Build.0 = Debug|Any CPU
		{C02092B9-FCCE-4FFA-8B64-F1D9DF8C822E}.Release|Any CPU.ActiveCfg = Release|Any CPU
		{C02092B9-FCCE-4FFA-8B64-F1D9DF8C822E}.Release|Any CPU.Build.0 = Release|Any CPU
		{E0063ACF-BACE-42A7-86B9-0D95C61F7EF7}.Debug|Any CPU.ActiveCfg = Debug|Any CPU
		{E0063ACF-BACE-42A7-86B9-0D95C61F7EF7}.Debug|Any CPU.Build.0 = Debug|Any CPU
		{E0063ACF-BACE-42A7-86B9-0D95C61F7EF7}.Release|Any CPU.ActiveCfg = Release|Any CPU
		{E0063ACF-BACE-42A7-86B9-0D95C61F7EF7}.Release|Any CPU.Build.0 = Release|Any CPU
		{AD98B9B5-BD2D-4813-AEFC-5922B0298F36}.Debug|Any CPU.ActiveCfg = Debug|Any CPU
		{AD98B9B5-BD2D-4813-AEFC-5922B0298F36}.Debug|Any CPU.Build.0 = Debug|Any CPU
		{AD98B9B5-BD2D-4813-AEFC-5922B0298F36}.Release|Any CPU.ActiveCfg = Release|Any CPU
		{AD98B9B5-BD2D-4813-AEFC-5922B0298F36}.Release|Any CPU.Build.0 = Release|Any CPU
		{F15F8D38-2941-4D0D-A11B-1753442B0A03}.Debug|Any CPU.ActiveCfg = Debug|Any CPU
		{F15F8D38-2941-4D0D-A11B-1753442B0A03}.Debug|Any CPU.Build.0 = Debug|Any CPU
		{F15F8D38-2941-4D0D-A11B-1753442B0A03}.Release|Any CPU.ActiveCfg = Release|Any CPU
		{F15F8D38-2941-4D0D-A11B-1753442B0A03}.Release|Any CPU.Build.0 = Release|Any CPU
		{658AFF7A-003C-4542-A516-C3E3138193CF}.Debug|Any CPU.ActiveCfg = Debug|Any CPU
		{658AFF7A-003C-4542-A516-C3E3138193CF}.Debug|Any CPU.Build.0 = Debug|Any CPU
		{658AFF7A-003C-4542-A516-C3E3138193CF}.Release|Any CPU.ActiveCfg = Release|Any CPU
		{658AFF7A-003C-4542-A516-C3E3138193CF}.Release|Any CPU.Build.0 = Release|Any CPU
		{870C7E6E-C0C4-412F-AB7D-49E558220F89}.Debug|Any CPU.ActiveCfg = Debug|Any CPU
		{870C7E6E-C0C4-412F-AB7D-49E558220F89}.Debug|Any CPU.Build.0 = Debug|Any CPU
		{870C7E6E-C0C4-412F-AB7D-49E558220F89}.Release|Any CPU.ActiveCfg = Release|Any CPU
		{870C7E6E-C0C4-412F-AB7D-49E558220F89}.Release|Any CPU.Build.0 = Release|Any CPU
		{2EC1D7C3-4760-4523-BE7D-5DBFE76319B7}.Debug|Any CPU.ActiveCfg = Debug|Any CPU
		{2EC1D7C3-4760-4523-BE7D-5DBFE76319B7}.Debug|Any CPU.Build.0 = Debug|Any CPU
		{2EC1D7C3-4760-4523-BE7D-5DBFE76319B7}.Release|Any CPU.ActiveCfg = Release|Any CPU
		{2EC1D7C3-4760-4523-BE7D-5DBFE76319B7}.Release|Any CPU.Build.0 = Release|Any CPU
		{C3F5CA8B-F113-4940-B0D7-3A251B084F0B}.Debug|Any CPU.ActiveCfg = Debug|Any CPU
		{C3F5CA8B-F113-4940-B0D7-3A251B084F0B}.Debug|Any CPU.Build.0 = Debug|Any CPU
		{C3F5CA8B-F113-4940-B0D7-3A251B084F0B}.Release|Any CPU.ActiveCfg = Release|Any CPU
		{C3F5CA8B-F113-4940-B0D7-3A251B084F0B}.Release|Any CPU.Build.0 = Release|Any CPU
		{754FF267-3C43-4C80-A59A-F3AC83B6DA9F}.Debug|Any CPU.ActiveCfg = Debug|Any CPU
		{754FF267-3C43-4C80-A59A-F3AC83B6DA9F}.Debug|Any CPU.Build.0 = Debug|Any CPU
		{754FF267-3C43-4C80-A59A-F3AC83B6DA9F}.Release|Any CPU.ActiveCfg = Release|Any CPU
		{754FF267-3C43-4C80-A59A-F3AC83B6DA9F}.Release|Any CPU.Build.0 = Release|Any CPU
		{EDBBF224-1E70-48F3-A26B-50073BC8FB75}.Debug|Any CPU.ActiveCfg = Debug|Any CPU
		{EDBBF224-1E70-48F3-A26B-50073BC8FB75}.Debug|Any CPU.Build.0 = Debug|Any CPU
		{EDBBF224-1E70-48F3-A26B-50073BC8FB75}.Release|Any CPU.ActiveCfg = Release|Any CPU
		{EDBBF224-1E70-48F3-A26B-50073BC8FB75}.Release|Any CPU.Build.0 = Release|Any CPU
		{34CC3EA7-2131-447B-8DA7-C2D5D8B1C828}.Debug|Any CPU.ActiveCfg = Debug|Any CPU
		{34CC3EA7-2131-447B-8DA7-C2D5D8B1C828}.Debug|Any CPU.Build.0 = Debug|Any CPU
		{34CC3EA7-2131-447B-8DA7-C2D5D8B1C828}.Release|Any CPU.ActiveCfg = Release|Any CPU
		{34CC3EA7-2131-447B-8DA7-C2D5D8B1C828}.Release|Any CPU.Build.0 = Release|Any CPU
		{BB894AF5-3577-4FCE-82A1-41D6F67EF021}.Debug|Any CPU.ActiveCfg = Debug|Any CPU
		{BB894AF5-3577-4FCE-82A1-41D6F67EF021}.Debug|Any CPU.Build.0 = Debug|Any CPU
		{BB894AF5-3577-4FCE-82A1-41D6F67EF021}.Release|Any CPU.ActiveCfg = Release|Any CPU
		{BB894AF5-3577-4FCE-82A1-41D6F67EF021}.Release|Any CPU.Build.0 = Release|Any CPU
		{2B6C01FF-3EAC-46DC-9B85-7DD2FFA2DC8A}.Debug|Any CPU.ActiveCfg = Debug|Any CPU
		{2B6C01FF-3EAC-46DC-9B85-7DD2FFA2DC8A}.Debug|Any CPU.Build.0 = Debug|Any CPU
		{2B6C01FF-3EAC-46DC-9B85-7DD2FFA2DC8A}.Release|Any CPU.ActiveCfg = Release|Any CPU
		{2B6C01FF-3EAC-46DC-9B85-7DD2FFA2DC8A}.Release|Any CPU.Build.0 = Release|Any CPU
		{49563F35-81FA-406E-97AF-E99D806CB8D8}.Debug|Any CPU.ActiveCfg = Debug|Any CPU
		{49563F35-81FA-406E-97AF-E99D806CB8D8}.Debug|Any CPU.Build.0 = Debug|Any CPU
		{49563F35-81FA-406E-97AF-E99D806CB8D8}.Release|Any CPU.ActiveCfg = Release|Any CPU
		{49563F35-81FA-406E-97AF-E99D806CB8D8}.Release|Any CPU.Build.0 = Release|Any CPU
		{5DEE5A64-71D0-47A8-9542-5E37CDE66D9D}.Debug|Any CPU.ActiveCfg = Debug|Any CPU
		{5DEE5A64-71D0-47A8-9542-5E37CDE66D9D}.Debug|Any CPU.Build.0 = Debug|Any CPU
		{5DEE5A64-71D0-47A8-9542-5E37CDE66D9D}.Release|Any CPU.ActiveCfg = Release|Any CPU
		{5DEE5A64-71D0-47A8-9542-5E37CDE66D9D}.Release|Any CPU.Build.0 = Release|Any CPU
		{DA1C8A6E-552F-43E6-A67E-320BC8A75FCD}.Debug|Any CPU.ActiveCfg = Debug|Any CPU
		{DA1C8A6E-552F-43E6-A67E-320BC8A75FCD}.Debug|Any CPU.Build.0 = Debug|Any CPU
		{DA1C8A6E-552F-43E6-A67E-320BC8A75FCD}.Release|Any CPU.ActiveCfg = Release|Any CPU
		{DA1C8A6E-552F-43E6-A67E-320BC8A75FCD}.Release|Any CPU.Build.0 = Release|Any CPU
		{98D21307-D286-48D4-B21D-D37F42DDB645}.Debug|Any CPU.ActiveCfg = Debug|Any CPU
		{98D21307-D286-48D4-B21D-D37F42DDB645}.Debug|Any CPU.Build.0 = Debug|Any CPU
		{98D21307-D286-48D4-B21D-D37F42DDB645}.Release|Any CPU.ActiveCfg = Release|Any CPU
		{98D21307-D286-48D4-B21D-D37F42DDB645}.Release|Any CPU.Build.0 = Release|Any CPU
		{AFB57A0C-3DD4-404C-8AC8-75D4489054B4}.Debug|Any CPU.ActiveCfg = Debug|Any CPU
		{AFB57A0C-3DD4-404C-8AC8-75D4489054B4}.Debug|Any CPU.Build.0 = Debug|Any CPU
		{AFB57A0C-3DD4-404C-8AC8-75D4489054B4}.Release|Any CPU.ActiveCfg = Release|Any CPU
		{AFB57A0C-3DD4-404C-8AC8-75D4489054B4}.Release|Any CPU.Build.0 = Release|Any CPU
		{F526A023-1055-406D-9E71-3F9DFA7C8514}.Debug|Any CPU.ActiveCfg = Debug|Any CPU
		{F526A023-1055-406D-9E71-3F9DFA7C8514}.Debug|Any CPU.Build.0 = Debug|Any CPU
		{F526A023-1055-406D-9E71-3F9DFA7C8514}.Release|Any CPU.ActiveCfg = Release|Any CPU
		{F526A023-1055-406D-9E71-3F9DFA7C8514}.Release|Any CPU.Build.0 = Release|Any CPU
		{138A2321-0243-4C20-A21E-F73385FC1715}.Debug|Any CPU.ActiveCfg = Debug|Any CPU
		{138A2321-0243-4C20-A21E-F73385FC1715}.Debug|Any CPU.Build.0 = Debug|Any CPU
		{138A2321-0243-4C20-A21E-F73385FC1715}.Release|Any CPU.ActiveCfg = Release|Any CPU
		{138A2321-0243-4C20-A21E-F73385FC1715}.Release|Any CPU.Build.0 = Release|Any CPU
		{F7290E2D-ADC7-43E3-A544-E02500A07F57}.Debug|Any CPU.ActiveCfg = Debug|Any CPU
		{F7290E2D-ADC7-43E3-A544-E02500A07F57}.Debug|Any CPU.Build.0 = Debug|Any CPU
		{F7290E2D-ADC7-43E3-A544-E02500A07F57}.Release|Any CPU.ActiveCfg = Release|Any CPU
		{F7290E2D-ADC7-43E3-A544-E02500A07F57}.Release|Any CPU.Build.0 = Release|Any CPU
		{E0A1A6DC-5395-442E-B563-48F57E4FE847}.Debug|Any CPU.ActiveCfg = Debug|Any CPU
		{E0A1A6DC-5395-442E-B563-48F57E4FE847}.Debug|Any CPU.Build.0 = Debug|Any CPU
		{E0A1A6DC-5395-442E-B563-48F57E4FE847}.Release|Any CPU.ActiveCfg = Release|Any CPU
		{E0A1A6DC-5395-442E-B563-48F57E4FE847}.Release|Any CPU.Build.0 = Release|Any CPU
		{618CAF34-D332-4E5A-9900-09F9002B8DD6}.Debug|Any CPU.ActiveCfg = Debug|Any CPU
		{618CAF34-D332-4E5A-9900-09F9002B8DD6}.Debug|Any CPU.Build.0 = Debug|Any CPU
		{618CAF34-D332-4E5A-9900-09F9002B8DD6}.Release|Any CPU.ActiveCfg = Release|Any CPU
		{618CAF34-D332-4E5A-9900-09F9002B8DD6}.Release|Any CPU.Build.0 = Release|Any CPU
		{8ADE9F70-BE4D-4CFC-9C20-BFD2C89C10F3}.Debug|Any CPU.ActiveCfg = Debug|Any CPU
		{8ADE9F70-BE4D-4CFC-9C20-BFD2C89C10F3}.Debug|Any CPU.Build.0 = Debug|Any CPU
		{8ADE9F70-BE4D-4CFC-9C20-BFD2C89C10F3}.Release|Any CPU.ActiveCfg = Release|Any CPU
		{8ADE9F70-BE4D-4CFC-9C20-BFD2C89C10F3}.Release|Any CPU.Build.0 = Release|Any CPU
		{2147E5E9-E0A6-448D-8C9F-8A02560D7BF8}.Debug|Any CPU.ActiveCfg = Debug|Any CPU
		{2147E5E9-E0A6-448D-8C9F-8A02560D7BF8}.Debug|Any CPU.Build.0 = Debug|Any CPU
		{2147E5E9-E0A6-448D-8C9F-8A02560D7BF8}.Release|Any CPU.ActiveCfg = Release|Any CPU
		{2147E5E9-E0A6-448D-8C9F-8A02560D7BF8}.Release|Any CPU.Build.0 = Release|Any CPU
		{0440BB25-8CA7-4BF0-A776-5F16EEDA04E6}.Debug|Any CPU.ActiveCfg = Debug|Any CPU
		{0440BB25-8CA7-4BF0-A776-5F16EEDA04E6}.Debug|Any CPU.Build.0 = Debug|Any CPU
		{0440BB25-8CA7-4BF0-A776-5F16EEDA04E6}.Release|Any CPU.ActiveCfg = Release|Any CPU
		{0440BB25-8CA7-4BF0-A776-5F16EEDA04E6}.Release|Any CPU.Build.0 = Release|Any CPU
		{5B383897-F8CC-4A50-9EBF-1D7979928612}.Debug|Any CPU.ActiveCfg = Debug|Any CPU
		{5B383897-F8CC-4A50-9EBF-1D7979928612}.Debug|Any CPU.Build.0 = Debug|Any CPU
		{5B383897-F8CC-4A50-9EBF-1D7979928612}.Release|Any CPU.ActiveCfg = Release|Any CPU
		{5B383897-F8CC-4A50-9EBF-1D7979928612}.Release|Any CPU.Build.0 = Release|Any CPU
		{B6B4549F-809C-416C-B03D-60F85B4FD46F}.Debug|Any CPU.ActiveCfg = Debug|Any CPU
		{B6B4549F-809C-416C-B03D-60F85B4FD46F}.Debug|Any CPU.Build.0 = Debug|Any CPU
		{B6B4549F-809C-416C-B03D-60F85B4FD46F}.Release|Any CPU.ActiveCfg = Release|Any CPU
		{B6B4549F-809C-416C-B03D-60F85B4FD46F}.Release|Any CPU.Build.0 = Release|Any CPU
		{3F4B7A37-8060-4D3D-ACF2-E034D5CFBC28}.Debug|Any CPU.ActiveCfg = Debug|Any CPU
		{3F4B7A37-8060-4D3D-ACF2-E034D5CFBC28}.Debug|Any CPU.Build.0 = Debug|Any CPU
		{3F4B7A37-8060-4D3D-ACF2-E034D5CFBC28}.Release|Any CPU.ActiveCfg = Release|Any CPU
		{3F4B7A37-8060-4D3D-ACF2-E034D5CFBC28}.Release|Any CPU.Build.0 = Release|Any CPU
		{6668FED9-F027-4BB5-BF3A-F474268F5183}.Debug|Any CPU.ActiveCfg = Debug|Any CPU
		{6668FED9-F027-4BB5-BF3A-F474268F5183}.Debug|Any CPU.Build.0 = Debug|Any CPU
		{6668FED9-F027-4BB5-BF3A-F474268F5183}.Release|Any CPU.ActiveCfg = Release|Any CPU
		{6668FED9-F027-4BB5-BF3A-F474268F5183}.Release|Any CPU.Build.0 = Release|Any CPU
		{BF2B29C4-5F0F-4566-8D4A-6732BE1F1C81}.Debug|Any CPU.ActiveCfg = Debug|Any CPU
		{BF2B29C4-5F0F-4566-8D4A-6732BE1F1C81}.Debug|Any CPU.Build.0 = Debug|Any CPU
		{BF2B29C4-5F0F-4566-8D4A-6732BE1F1C81}.Release|Any CPU.ActiveCfg = Release|Any CPU
		{BF2B29C4-5F0F-4566-8D4A-6732BE1F1C81}.Release|Any CPU.Build.0 = Release|Any CPU
		{F0BDFC04-3DC1-444F-997E-3FD9AC66E25B}.Debug|Any CPU.ActiveCfg = Debug|Any CPU
		{F0BDFC04-3DC1-444F-997E-3FD9AC66E25B}.Debug|Any CPU.Build.0 = Debug|Any CPU
		{F0BDFC04-3DC1-444F-997E-3FD9AC66E25B}.Release|Any CPU.ActiveCfg = Release|Any CPU
		{F0BDFC04-3DC1-444F-997E-3FD9AC66E25B}.Release|Any CPU.Build.0 = Release|Any CPU
		{92145480-8EB0-4C99-98AD-6E06EC687A46}.Debug|Any CPU.ActiveCfg = Debug|Any CPU
		{92145480-8EB0-4C99-98AD-6E06EC687A46}.Debug|Any CPU.Build.0 = Debug|Any CPU
		{92145480-8EB0-4C99-98AD-6E06EC687A46}.Release|Any CPU.ActiveCfg = Release|Any CPU
		{92145480-8EB0-4C99-98AD-6E06EC687A46}.Release|Any CPU.Build.0 = Release|Any CPU
		{2CFEC0B7-1A69-4497-91DF-A5867CB82C7A}.Debug|Any CPU.ActiveCfg = Debug|Any CPU
		{2CFEC0B7-1A69-4497-91DF-A5867CB82C7A}.Debug|Any CPU.Build.0 = Debug|Any CPU
		{2CFEC0B7-1A69-4497-91DF-A5867CB82C7A}.Release|Any CPU.ActiveCfg = Release|Any CPU
		{2CFEC0B7-1A69-4497-91DF-A5867CB82C7A}.Release|Any CPU.Build.0 = Release|Any CPU
		{36C8B7B5-113A-464E-8821-DB5D878A7FB9}.Debug|Any CPU.ActiveCfg = Debug|Any CPU
		{36C8B7B5-113A-464E-8821-DB5D878A7FB9}.Debug|Any CPU.Build.0 = Debug|Any CPU
		{36C8B7B5-113A-464E-8821-DB5D878A7FB9}.Release|Any CPU.ActiveCfg = Release|Any CPU
		{36C8B7B5-113A-464E-8821-DB5D878A7FB9}.Release|Any CPU.Build.0 = Release|Any CPU
		{07F66909-EDF6-43D5-97DA-5EA606268369}.Debug|Any CPU.ActiveCfg = Debug|Any CPU
		{07F66909-EDF6-43D5-97DA-5EA606268369}.Debug|Any CPU.Build.0 = Debug|Any CPU
		{07F66909-EDF6-43D5-97DA-5EA606268369}.Release|Any CPU.ActiveCfg = Release|Any CPU
		{07F66909-EDF6-43D5-97DA-5EA606268369}.Release|Any CPU.Build.0 = Release|Any CPU
		{3914F981-3B28-455C-A54A-7D66ED1186C0}.Debug|Any CPU.ActiveCfg = Debug|Any CPU
		{3914F981-3B28-455C-A54A-7D66ED1186C0}.Debug|Any CPU.Build.0 = Debug|Any CPU
		{3914F981-3B28-455C-A54A-7D66ED1186C0}.Release|Any CPU.ActiveCfg = Release|Any CPU
		{3914F981-3B28-455C-A54A-7D66ED1186C0}.Release|Any CPU.Build.0 = Release|Any CPU
		{54077EC5-207C-4C1C-B518-86C3694F131F}.Debug|Any CPU.ActiveCfg = Debug|Any CPU
		{54077EC5-207C-4C1C-B518-86C3694F131F}.Debug|Any CPU.Build.0 = Debug|Any CPU
		{54077EC5-207C-4C1C-B518-86C3694F131F}.Release|Any CPU.ActiveCfg = Release|Any CPU
		{54077EC5-207C-4C1C-B518-86C3694F131F}.Release|Any CPU.Build.0 = Release|Any CPU
		{A63D6180-CB43-4516-9CAD-04F6E7910109}.Debug|Any CPU.ActiveCfg = Debug|Any CPU
		{A63D6180-CB43-4516-9CAD-04F6E7910109}.Debug|Any CPU.Build.0 = Debug|Any CPU
		{A63D6180-CB43-4516-9CAD-04F6E7910109}.Release|Any CPU.ActiveCfg = Release|Any CPU
		{A63D6180-CB43-4516-9CAD-04F6E7910109}.Release|Any CPU.Build.0 = Release|Any CPU
		{E1AE533A-731B-473C-A054-60E5BBB673E9}.Debug|Any CPU.ActiveCfg = Debug|Any CPU
		{E1AE533A-731B-473C-A054-60E5BBB673E9}.Debug|Any CPU.Build.0 = Debug|Any CPU
		{E1AE533A-731B-473C-A054-60E5BBB673E9}.Release|Any CPU.ActiveCfg = Release|Any CPU
		{E1AE533A-731B-473C-A054-60E5BBB673E9}.Release|Any CPU.Build.0 = Release|Any CPU
		{E476A910-16AB-420D-B5CF-25801BBA017F}.Debug|Any CPU.ActiveCfg = Debug|Any CPU
		{E476A910-16AB-420D-B5CF-25801BBA017F}.Debug|Any CPU.Build.0 = Debug|Any CPU
		{E476A910-16AB-420D-B5CF-25801BBA017F}.Release|Any CPU.ActiveCfg = Release|Any CPU
		{E476A910-16AB-420D-B5CF-25801BBA017F}.Release|Any CPU.Build.0 = Release|Any CPU
		{BDD754F7-63A1-41F8-8732-1B4E8431CBD6}.Debug|Any CPU.ActiveCfg = Debug|Any CPU
		{BDD754F7-63A1-41F8-8732-1B4E8431CBD6}.Debug|Any CPU.Build.0 = Debug|Any CPU
		{BDD754F7-63A1-41F8-8732-1B4E8431CBD6}.Release|Any CPU.ActiveCfg = Release|Any CPU
		{BDD754F7-63A1-41F8-8732-1B4E8431CBD6}.Release|Any CPU.Build.0 = Release|Any CPU
		{24719DE3-0E1D-4127-BF37-8D40D001B08E}.Debug|Any CPU.ActiveCfg = Debug|Any CPU
		{24719DE3-0E1D-4127-BF37-8D40D001B08E}.Debug|Any CPU.Build.0 = Debug|Any CPU
		{24719DE3-0E1D-4127-BF37-8D40D001B08E}.Release|Any CPU.ActiveCfg = Release|Any CPU
		{24719DE3-0E1D-4127-BF37-8D40D001B08E}.Release|Any CPU.Build.0 = Release|Any CPU
		{E13858CA-6F74-4140-95AB-DE6A7910C237}.Debug|Any CPU.ActiveCfg = Debug|Any CPU
		{E13858CA-6F74-4140-95AB-DE6A7910C237}.Debug|Any CPU.Build.0 = Debug|Any CPU
		{E13858CA-6F74-4140-95AB-DE6A7910C237}.Release|Any CPU.ActiveCfg = Release|Any CPU
		{E13858CA-6F74-4140-95AB-DE6A7910C237}.Release|Any CPU.Build.0 = Release|Any CPU
		{A5A44672-C848-470D-BD4E-C4F51A5FFABE}.Debug|Any CPU.ActiveCfg = Debug|Any CPU
		{A5A44672-C848-470D-BD4E-C4F51A5FFABE}.Debug|Any CPU.Build.0 = Debug|Any CPU
		{A5A44672-C848-470D-BD4E-C4F51A5FFABE}.Release|Any CPU.ActiveCfg = Release|Any CPU
		{A5A44672-C848-470D-BD4E-C4F51A5FFABE}.Release|Any CPU.Build.0 = Release|Any CPU
		{838E3D04-D45B-4162-AD50-0D4BF35BB495}.Debug|Any CPU.ActiveCfg = Debug|Any CPU
		{838E3D04-D45B-4162-AD50-0D4BF35BB495}.Debug|Any CPU.Build.0 = Debug|Any CPU
		{838E3D04-D45B-4162-AD50-0D4BF35BB495}.Release|Any CPU.ActiveCfg = Release|Any CPU
		{838E3D04-D45B-4162-AD50-0D4BF35BB495}.Release|Any CPU.Build.0 = Release|Any CPU
		{4CA02B38-B915-4080-82A8-E1072AC4723D}.Debug|Any CPU.ActiveCfg = Debug|Any CPU
		{4CA02B38-B915-4080-82A8-E1072AC4723D}.Debug|Any CPU.Build.0 = Debug|Any CPU
		{4CA02B38-B915-4080-82A8-E1072AC4723D}.Release|Any CPU.ActiveCfg = Release|Any CPU
		{4CA02B38-B915-4080-82A8-E1072AC4723D}.Release|Any CPU.Build.0 = Release|Any CPU
		{89188B0E-244B-4577-8A88-972721E4F9AC}.Debug|Any CPU.ActiveCfg = Debug|Any CPU
		{89188B0E-244B-4577-8A88-972721E4F9AC}.Debug|Any CPU.Build.0 = Debug|Any CPU
		{89188B0E-244B-4577-8A88-972721E4F9AC}.Release|Any CPU.ActiveCfg = Release|Any CPU
		{89188B0E-244B-4577-8A88-972721E4F9AC}.Release|Any CPU.Build.0 = Release|Any CPU
		{64A9960B-1CCA-4D00-891D-922217EFF974}.Debug|Any CPU.ActiveCfg = Debug|Any CPU
		{64A9960B-1CCA-4D00-891D-922217EFF974}.Debug|Any CPU.Build.0 = Debug|Any CPU
		{64A9960B-1CCA-4D00-891D-922217EFF974}.Release|Any CPU.ActiveCfg = Release|Any CPU
		{64A9960B-1CCA-4D00-891D-922217EFF974}.Release|Any CPU.Build.0 = Release|Any CPU
		{42BA8E1E-3F3A-4C79-8A14-8A9AF8BCDF64}.Debug|Any CPU.ActiveCfg = Debug|Any CPU
		{42BA8E1E-3F3A-4C79-8A14-8A9AF8BCDF64}.Debug|Any CPU.Build.0 = Debug|Any CPU
		{42BA8E1E-3F3A-4C79-8A14-8A9AF8BCDF64}.Release|Any CPU.ActiveCfg = Release|Any CPU
		{42BA8E1E-3F3A-4C79-8A14-8A9AF8BCDF64}.Release|Any CPU.Build.0 = Release|Any CPU
		{EBC78E9F-9171-4C2E-8204-90CFDCBAECAD}.Debug|Any CPU.ActiveCfg = Debug|Any CPU
		{EBC78E9F-9171-4C2E-8204-90CFDCBAECAD}.Debug|Any CPU.Build.0 = Debug|Any CPU
		{EBC78E9F-9171-4C2E-8204-90CFDCBAECAD}.Release|Any CPU.ActiveCfg = Release|Any CPU
		{EBC78E9F-9171-4C2E-8204-90CFDCBAECAD}.Release|Any CPU.Build.0 = Release|Any CPU
	EndGlobalSection
	GlobalSection(SolutionProperties) = preSolution
		HideSolutionNode = FALSE
	EndGlobalSection
	GlobalSection(NestedProjects) = preSolution
		{6105258E-0D71-44DB-839B-26D33018734B} = {5643984C-7F96-4208-B484-07E84BAF15B9}
		{29FB56CA-04C9-47D7-A751-FC121F3F0B72} = {F8939373-9D21-4D9F-B77A-59B094A2AB2D}
		{A5E9F5B6-4DA1-46F4-AE33-2F0903824CD4} = {5643984C-7F96-4208-B484-07E84BAF15B9}
		{24AD6145-51EA-46AA-AE6D-DDCB4C92219F} = {5643984C-7F96-4208-B484-07E84BAF15B9}
		{C02092B9-FCCE-4FFA-8B64-F1D9DF8C822E} = {8F3A7F53-BBB3-4A53-844A-DD0E933D1EC0}
		{E0063ACF-BACE-42A7-86B9-0D95C61F7EF7} = {8F3A7F53-BBB3-4A53-844A-DD0E933D1EC0}
		{AD98B9B5-BD2D-4813-AEFC-5922B0298F36} = {8F3A7F53-BBB3-4A53-844A-DD0E933D1EC0}
		{2014E680-DDD3-425F-8AD4-5F346DF88895} = {AF4E4472-BC69-414F-B764-C5413B9D74CF}
		{F15F8D38-2941-4D0D-A11B-1753442B0A03} = {2014E680-DDD3-425F-8AD4-5F346DF88895}
		{3B08DB22-C615-4996-B031-66B5637A499D} = {AF4E4472-BC69-414F-B764-C5413B9D74CF}
		{8F3A7F53-BBB3-4A53-844A-DD0E933D1EC0} = {AF4E4472-BC69-414F-B764-C5413B9D74CF}
		{658AFF7A-003C-4542-A516-C3E3138193CF} = {3B08DB22-C615-4996-B031-66B5637A499D}
		{870C7E6E-C0C4-412F-AB7D-49E558220F89} = {50DFDC8F-6028-4C89-9447-114BDD78E45F}
		{2EC1D7C3-4760-4523-BE7D-5DBFE76319B7} = {50DFDC8F-6028-4C89-9447-114BDD78E45F}
		{C3F5CA8B-F113-4940-B0D7-3A251B084F0B} = {5643984C-7F96-4208-B484-07E84BAF15B9}
		{754FF267-3C43-4C80-A59A-F3AC83B6DA9F} = {5643984C-7F96-4208-B484-07E84BAF15B9}
		{EDBBF224-1E70-48F3-A26B-50073BC8FB75} = {50DFDC8F-6028-4C89-9447-114BDD78E45F}
		{34CC3EA7-2131-447B-8DA7-C2D5D8B1C828} = {8F3A7F53-BBB3-4A53-844A-DD0E933D1EC0}
		{75B00E30-6D75-4D3A-8531-182BD3636C24} = {AF4E4472-BC69-414F-B764-C5413B9D74CF}
		{BB894AF5-3577-4FCE-82A1-41D6F67EF021} = {75B00E30-6D75-4D3A-8531-182BD3636C24}
		{2B6C01FF-3EAC-46DC-9B85-7DD2FFA2DC8A} = {B30C3E82-D1E9-4318-874F-9F190BB1E47F}
		{49563F35-81FA-406E-97AF-E99D806CB8D8} = {F8939373-9D21-4D9F-B77A-59B094A2AB2D}
		{5DEE5A64-71D0-47A8-9542-5E37CDE66D9D} = {F8939373-9D21-4D9F-B77A-59B094A2AB2D}
		{DA1C8A6E-552F-43E6-A67E-320BC8A75FCD} = {5DAC94E8-D40A-48D4-81A8-206229E281E9}
		{98D21307-D286-48D4-B21D-D37F42DDB645} = {5DAC94E8-D40A-48D4-81A8-206229E281E9}
		{AFB57A0C-3DD4-404C-8AC8-75D4489054B4} = {5DAC94E8-D40A-48D4-81A8-206229E281E9}
		{F526A023-1055-406D-9E71-3F9DFA7C8514} = {5DAC94E8-D40A-48D4-81A8-206229E281E9}
		{138A2321-0243-4C20-A21E-F73385FC1715} = {5DAC94E8-D40A-48D4-81A8-206229E281E9}
		{F7290E2D-ADC7-43E3-A544-E02500A07F57} = {5DAC94E8-D40A-48D4-81A8-206229E281E9}
		{E0A1A6DC-5395-442E-B563-48F57E4FE847} = {5DAC94E8-D40A-48D4-81A8-206229E281E9}
		{618CAF34-D332-4E5A-9900-09F9002B8DD6} = {5DAC94E8-D40A-48D4-81A8-206229E281E9}
		{8ADE9F70-BE4D-4CFC-9C20-BFD2C89C10F3} = {5DAC94E8-D40A-48D4-81A8-206229E281E9}
		{2147E5E9-E0A6-448D-8C9F-8A02560D7BF8} = {5DAC94E8-D40A-48D4-81A8-206229E281E9}
		{36260A24-6347-431E-B3FC-0F92D280A840} = {AF4E4472-BC69-414F-B764-C5413B9D74CF}
		{0440BB25-8CA7-4BF0-A776-5F16EEDA04E6} = {36260A24-6347-431E-B3FC-0F92D280A840}
		{5B383897-F8CC-4A50-9EBF-1D7979928612} = {5DAC94E8-D40A-48D4-81A8-206229E281E9}
		{B6B4549F-809C-416C-B03D-60F85B4FD46F} = {5DAC94E8-D40A-48D4-81A8-206229E281E9}
		{3F4B7A37-8060-4D3D-ACF2-E034D5CFBC28} = {5DAC94E8-D40A-48D4-81A8-206229E281E9}
		{6668FED9-F027-4BB5-BF3A-F474268F5183} = {5DAC94E8-D40A-48D4-81A8-206229E281E9}
		{BF2B29C4-5F0F-4566-8D4A-6732BE1F1C81} = {5DAC94E8-D40A-48D4-81A8-206229E281E9}
		{F0BDFC04-3DC1-444F-997E-3FD9AC66E25B} = {5DAC94E8-D40A-48D4-81A8-206229E281E9}
		{92145480-8EB0-4C99-98AD-6E06EC687A46} = {5DAC94E8-D40A-48D4-81A8-206229E281E9}
		{2CFEC0B7-1A69-4497-91DF-A5867CB82C7A} = {5DAC94E8-D40A-48D4-81A8-206229E281E9}
		{36C8B7B5-113A-464E-8821-DB5D878A7FB9} = {5DAC94E8-D40A-48D4-81A8-206229E281E9}
		{07F66909-EDF6-43D5-97DA-5EA606268369} = {5DAC94E8-D40A-48D4-81A8-206229E281E9}
		{3914F981-3B28-455C-A54A-7D66ED1186C0} = {5DAC94E8-D40A-48D4-81A8-206229E281E9}
		{54077EC5-207C-4C1C-B518-86C3694F131F} = {5DAC94E8-D40A-48D4-81A8-206229E281E9}
		{A63D6180-CB43-4516-9CAD-04F6E7910109} = {5DAC94E8-D40A-48D4-81A8-206229E281E9}
		{E1AE533A-731B-473C-A054-60E5BBB673E9} = {5DAC94E8-D40A-48D4-81A8-206229E281E9}
		{E476A910-16AB-420D-B5CF-25801BBA017F} = {5DAC94E8-D40A-48D4-81A8-206229E281E9}
		{BDD754F7-63A1-41F8-8732-1B4E8431CBD6} = {5DAC94E8-D40A-48D4-81A8-206229E281E9}
		{24719DE3-0E1D-4127-BF37-8D40D001B08E} = {5DAC94E8-D40A-48D4-81A8-206229E281E9}
		{E13858CA-6F74-4140-95AB-DE6A7910C237} = {5DAC94E8-D40A-48D4-81A8-206229E281E9}
		{A5A44672-C848-470D-BD4E-C4F51A5FFABE} = {5DAC94E8-D40A-48D4-81A8-206229E281E9}
		{838E3D04-D45B-4162-AD50-0D4BF35BB495} = {5DAC94E8-D40A-48D4-81A8-206229E281E9}
		{4CA02B38-B915-4080-82A8-E1072AC4723D} = {5DAC94E8-D40A-48D4-81A8-206229E281E9}
		{89188B0E-244B-4577-8A88-972721E4F9AC} = {5DAC94E8-D40A-48D4-81A8-206229E281E9}
		{64A9960B-1CCA-4D00-891D-922217EFF974} = {5DAC94E8-D40A-48D4-81A8-206229E281E9}
		{42BA8E1E-3F3A-4C79-8A14-8A9AF8BCDF64} = {5DAC94E8-D40A-48D4-81A8-206229E281E9}
		{EBC78E9F-9171-4C2E-8204-90CFDCBAECAD} = {5DAC94E8-D40A-48D4-81A8-206229E281E9}
	EndGlobalSection
	GlobalSection(ExtensibilityGlobals) = postSolution
		SolutionGuid = {8B4518FF-AD85-4526-85C6-E56D3444D58C}
	EndGlobalSection
EndGlobal
